# THIS IS AN AUTOGENERATED FILE. DO NOT EDIT THIS FILE DIRECTLY.
# yarn lockfile v1


aria-query@^0.7.0:
  version "0.7.0"
  resolved "https://registry.yarnpkg.com/aria-query/-/aria-query-0.7.0.tgz#4af10a1e61573ddea0cf3b99b51c52c05b424d24"
  dependencies:
    ast-types-flow "0.0.7"

array-includes@^3.0.3:
  version "3.0.3"
  resolved "https://registry.yarnpkg.com/array-includes/-/array-includes-3.0.3.tgz#184b48f62d92d7452bb31b323165c7f8bd02266d"
  dependencies:
    define-properties "^1.1.2"
    es-abstract "^1.7.0"

ast-types-flow@0.0.7:
  version "0.0.7"
  resolved "https://registry.yarnpkg.com/ast-types-flow/-/ast-types-flow-0.0.7.tgz#f70b735c6bca1a5c9c22d982c3e39e7feba3bdad"

axobject-query@^0.1.0:
  version "0.1.0"
  resolved "https://registry.yarnpkg.com/axobject-query/-/axobject-query-0.1.0.tgz#62f59dbc59c9f9242759ca349960e7a2fe3c36c0"
  dependencies:
    ast-types-flow "0.0.7"

damerau-levenshtein@^1.0.0:
  version "1.0.4"
  resolved "https://registry.yarnpkg.com/damerau-levenshtein/-/damerau-levenshtein-1.0.4.tgz#03191c432cb6eea168bb77f3a55ffdccb8978514"

define-properties@^1.1.2:
  version "1.1.2"
  resolved "https://registry.yarnpkg.com/define-properties/-/define-properties-1.1.2.tgz#83a73f2fea569898fb737193c8f873caf6d45c94"
  dependencies:
    foreach "^2.0.5"
    object-keys "^1.0.8"

emoji-regex@^6.1.0:
  version "6.5.1"
  resolved "https://registry.yarnpkg.com/emoji-regex/-/emoji-regex-6.5.1.tgz#9baea929b155565c11ea41c6626eaa65cef992c2"

es-abstract@^1.7.0:
  version "1.9.0"
  resolved "https://registry.yarnpkg.com/es-abstract/-/es-abstract-1.9.0.tgz#690829a07cae36b222e7fd9b75c0d0573eb25227"
  dependencies:
    es-to-primitive "^1.1.1"
    function-bind "^1.1.1"
    has "^1.0.1"
    is-callable "^1.1.3"
    is-regex "^1.0.4"

es-to-primitive@^1.1.1:
  version "1.1.1"
  resolved "https://registry.yarnpkg.com/es-to-primitive/-/es-to-primitive-1.1.1.tgz#45355248a88979034b6792e19bb81f2b7975dd0d"
  dependencies:
    is-callable "^1.1.1"
    is-date-object "^1.0.1"
    is-symbol "^1.0.1"

eslint-plugin-filenames@^1.2.0:
  version "1.2.0"
  resolved "https://registry.yarnpkg.com/eslint-plugin-filenames/-/eslint-plugin-filenames-1.2.0.tgz#aee9c1c90189c95d2e49902c160eceefecd99f53"
  dependencies:
    lodash.camelcase "4.3.0"
    lodash.kebabcase "4.1.1"
    lodash.snakecase "4.1.1"
    lodash.upperfirst "4.3.1"

eslint-plugin-jest@^21.5.0:
  version "21.5.0"
  resolved "https://registry.yarnpkg.com/eslint-plugin-jest/-/eslint-plugin-jest-21.5.0.tgz#c7a3bd2ee9d1c832b4e31dec89f6ad93e08d4853"

eslint-plugin-jsx-a11y@^6.0.3:
  version "6.0.3"
  resolved "https://registry.yarnpkg.com/eslint-plugin-jsx-a11y/-/eslint-plugin-jsx-a11y-6.0.3.tgz#54583d1ae442483162e040e13cc31865465100e5"
  dependencies:
    aria-query "^0.7.0"
    array-includes "^3.0.3"
    ast-types-flow "0.0.7"
    axobject-query "^0.1.0"
    damerau-levenshtein "^1.0.0"
    emoji-regex "^6.1.0"
    jsx-ast-utils "^2.0.0"

foreach@^2.0.5:
  version "2.0.5"
  resolved "https://registry.yarnpkg.com/foreach/-/foreach-2.0.5.tgz#0bee005018aeb260d0a3af3ae658dd0136ec1b99"

function-bind@^1.0.2, function-bind@^1.1.1:
  version "1.1.1"
  resolved "https://registry.yarnpkg.com/function-bind/-/function-bind-1.1.1.tgz#a56899d3ea3c9bab874bb9773b7c5ede92f4895d"

has@^1.0.1:
  version "1.0.1"
  resolved "https://registry.yarnpkg.com/has/-/has-1.0.1.tgz#8461733f538b0837c9361e39a9ab9e9704dc2f28"
  dependencies:
    function-bind "^1.0.2"

is-callable@^1.1.1, is-callable@^1.1.3:
  version "1.1.3"
  resolved "https://registry.yarnpkg.com/is-callable/-/is-callable-1.1.3.tgz#86eb75392805ddc33af71c92a0eedf74ee7604b2"

is-date-object@^1.0.1:
  version "1.0.1"
  resolved "https://registry.yarnpkg.com/is-date-object/-/is-date-object-1.0.1.tgz#9aa20eb6aeebbff77fbd33e74ca01b33581d3a16"

is-regex@^1.0.4:
  version "1.0.4"
  resolved "https://registry.yarnpkg.com/is-regex/-/is-regex-1.0.4.tgz#5517489b547091b0930e095654ced25ee97e9491"
  dependencies:
    has "^1.0.1"

is-symbol@^1.0.1:
  version "1.0.1"
  resolved "https://registry.yarnpkg.com/is-symbol/-/is-symbol-1.0.1.tgz#3cc59f00025194b6ab2e38dbae6689256b660572"

jsx-ast-utils@^2.0.0:
  version "2.0.1"
  resolved "https://registry.yarnpkg.com/jsx-ast-utils/-/jsx-ast-utils-2.0.1.tgz#e801b1b39985e20fffc87b40e3748080e2dcac7f"
  dependencies:
    array-includes "^3.0.3"

lodash.camelcase@4.3.0:
  version "4.3.0"
  resolved "https://registry.yarnpkg.com/lodash.camelcase/-/lodash.camelcase-4.3.0.tgz#b28aa6288a2b9fc651035c7711f65ab6190331a6"

lodash.kebabcase@4.1.1:
  version "4.1.1"
  resolved "https://registry.yarnpkg.com/lodash.kebabcase/-/lodash.kebabcase-4.1.1.tgz#8489b1cb0d29ff88195cceca448ff6d6cc295c36"

lodash.snakecase@4.1.1:
  version "4.1.1"
  resolved "https://registry.yarnpkg.com/lodash.snakecase/-/lodash.snakecase-4.1.1.tgz#39d714a35357147837aefd64b5dcbb16becd8f8d"

lodash.upperfirst@4.3.1:
  version "4.3.1"
  resolved "https://registry.yarnpkg.com/lodash.upperfirst/-/lodash.upperfirst-4.3.1.tgz#1365edf431480481ef0d1c68957a5ed99d49f7ce"

object-keys@^1.0.8:
  version "1.0.11"
  resolved "https://registry.yarnpkg.com/object-keys/-/object-keys-1.0.11.tgz#c54601778ad560f1142ce0e01bcca8b56d13426d"
