# THIS IS AN AUTOGENERATED FILE. DO NOT EDIT THIS FILE DIRECTLY.
# yarn lockfile v1


"@babel/runtime@^7.1.2":
  version "7.13.10"
  resolved "https://registry.yarnpkg.com/@babel/runtime/-/runtime-7.13.10.tgz#47d42a57b6095f4468da440388fdbad8bebf0d7d"
  integrity sha512-4QPkjJq6Ns3V/RgpEahRk+AGfL0eO6RHHtTWoNNr5mO49G6B5+X6d6THgWEAvTrznU5xYpbAlVKRYcsCgh/Akw==
  dependencies:
    regenerator-runtime "^0.13.4"

"@babel/runtime@^7.4.5":
  version "7.11.2"
  resolved "https://registry.yarnpkg.com/@babel/runtime/-/runtime-7.11.2.tgz#f549c13c754cc40b87644b9fa9f09a6a95fe0736"
  integrity sha512-TeWkU52so0mPtDcaCTxNBI/IHiz0pZgr8VEFqXFtZWpYD08ZB6FaSwVAS8MKRQAP3bYKiVjwysOJgMFY28o6Tw==
  dependencies:
    regenerator-runtime "^0.13.4"

"@cmsgov/design-system@^2.7.1":
  version "2.7.1"
  resolved "https://registry.yarnpkg.com/@cmsgov/design-system/-/design-system-2.7.1.tgz#3808b5be99733c857fcb0fabc6e160d76f969530"
  integrity sha512-cQ6E/IDg14uz5QSiAB/kOzHrDRW8rVK+G10M37zBN4EA20TOO4VosTb7J4pW+5R+9PlCKKow7l2zntmbFWM2wQ==
  dependencies:
    "@popperjs/core" "^2.4.4"
    classnames "^2.2.5"
    core-js "^3.6.5"
    downshift "^3.2.10"
    ev-emitter "^1.1.1"
    focus-trap-react "^6.0.0"
    lodash.uniqueid "^4.0.1"
    prop-types "^15.7.2"
    react-aria-modal "^2.11.1"
    react-transition-group "^2.9.0"

"@popperjs/core@^2.4.4":
  version "2.9.1"
  resolved "https://registry.yarnpkg.com/@popperjs/core/-/core-2.9.1.tgz#7f554e7368c9ab679a11f4a042ca17149d70cf12"
  integrity sha512-DvJbbn3dUgMxDnJLH+RZQPnXak1h4ZVYQ7CWiFWjQwBFkVajT4rfw2PdpHLTSTwxrYfnoEXkuBiwkDm6tPMQeA==

classnames@^2.2.5:
  version "2.2.6"
  resolved "https://registry.yarnpkg.com/classnames/-/classnames-2.2.6.tgz#43935bffdd291f326dad0a205309b38d00f650ce"
  integrity sha512-JR/iSQOSt+LQIWwrwEzJ9uk0xfN3mTVYMwt1Ir5mUcSN6pU+V4zQFFaJsclJbPuAUQH+yfWef6tm7l1quW3C8Q==

compute-scroll-into-view@^1.0.9:
  version "1.0.16"
  resolved "https://registry.yarnpkg.com/compute-scroll-into-view/-/compute-scroll-into-view-1.0.16.tgz#5b7bf4f7127ea2c19b750353d7ce6776a90ee088"
  integrity sha512-a85LHKY81oQnikatZYA90pufpZ6sQx++BoCxOEMsjpZx+ZnaKGQnCyCehTRr/1p9GBIAHTjcU9k71kSYWloLiQ==

core-js@^3.6.5:
  version "3.9.1"
  resolved "https://registry.yarnpkg.com/core-js/-/core-js-3.9.1.tgz#cec8de593db8eb2a85ffb0dbdeb312cb6e5460ae"
  integrity sha512-gSjRvzkxQc1zjM/5paAmL4idJBFzuJoo+jDjF1tStYFMV2ERfD02HhahhCGXUyHxQRG4yFKVSdO6g62eoRMcDg==

decode-uri-component@^0.2.0:
  version "0.2.0"
  resolved "https://registry.yarnpkg.com/decode-uri-component/-/decode-uri-component-0.2.0.tgz#eb3913333458775cb84cd1a1fae062106bb87545"
  integrity sha1-6zkTMzRYd1y4TNGh+uBiEGu4dUU=

dom-helpers@^3.4.0:
  version "3.4.0"
  resolved "https://registry.yarnpkg.com/dom-helpers/-/dom-helpers-3.4.0.tgz#e9b369700f959f62ecde5a6babde4bccd9169af8"
  integrity sha512-LnuPJ+dwqKDIyotW1VzmOZ5TONUN7CwkCR5hrgawTUbkBGYdeoNLZo6nNfGkCrjtE1nXXaj7iMMpDa8/d9WoIA==
  dependencies:
    "@babel/runtime" "^7.1.2"

dom-walk@^0.1.0:
  version "0.1.2"
  resolved "https://registry.yarnpkg.com/dom-walk/-/dom-walk-0.1.2.tgz#0c548bef048f4d1f2a97249002236060daa3fd84"
  integrity sha512-6QvTW9mrGeIegrFXdtQi9pk7O/nSK6lSdXW2eqUspN5LWD7UTji2Fqw5V2YLjBpHEoU9Xl/eUWNpDeZvoyOv2w==

downshift@^3.2.10:
  version "3.4.8"
  resolved "https://registry.yarnpkg.com/downshift/-/downshift-3.4.8.tgz#06b7ad9e9c423a58e8a9049b2a00a5d19c7ef954"
  integrity sha512-dZL3iNL/LbpHNzUQAaVq/eTD1ocnGKKjbAl/848Q0KEp6t81LJbS37w3f93oD6gqqAnjdgM7Use36qZSipHXBw==
  dependencies:
    "@babel/runtime" "^7.4.5"
    compute-scroll-into-view "^1.0.9"
    prop-types "^15.7.2"
    react-is "^16.9.0"

error-stack-parser@^1.3.6:
  version "1.3.6"
  resolved "https://registry.yarnpkg.com/error-stack-parser/-/error-stack-parser-1.3.6.tgz#e0e73b93e417138d1cd7c0b746b1a4a14854c292"
  integrity sha1-4Oc7k+QXE40c18C3RrGkoUhUwpI=
  dependencies:
    stackframe "^0.3.1"

ev-emitter@^1.1.1:
  version "1.1.1"
  resolved "https://registry.yarnpkg.com/ev-emitter/-/ev-emitter-1.1.1.tgz#8f18b0ce5c76a5d18017f71c0a795c65b9138f2a"
  integrity sha512-ipiDYhdQSCZ4hSbX4rMW+XzNKMD1prg/sTvoVmSLkuQ1MVlwjJQQA+sW8tMYR3BLUr9KjodFV4pvzunvRhd33Q==

focus-trap-react@^3.0.4:
  version "3.1.4"
  resolved "https://registry.yarnpkg.com/focus-trap-react/-/focus-trap-react-3.1.4.tgz#e95f4aece5c493be4d3653dfccd5036d11ad24d5"
  integrity sha512-uqMKMg9Xlny0LKHW0HqA7ncLafW57SxgeedjE7/Xt+NB7sdOBUG4eD/9sMsq1O0+7zD3palpniTs2n0PDLc3uA==
  dependencies:
    focus-trap "^2.0.1"

focus-trap-react@^6.0.0:
  version "6.0.0"
  resolved "https://registry.yarnpkg.com/focus-trap-react/-/focus-trap-react-6.0.0.tgz#3f5a9f68447dd374d22388fb4c50018be83e74a5"
  integrity sha512-mvEYxmP75PMx0vOqoIAmJHO/qUEvdTAdz6gLlEZyxxODnuKQdnKea2RWTYxghAPrV+ibiIq2o/GTSgQycnAjcw==
  dependencies:
    focus-trap "^4.0.2"

focus-trap@^2.0.1:
  version "2.4.6"
  resolved "https://registry.yarnpkg.com/focus-trap/-/focus-trap-2.4.6.tgz#332b475b317cec6a4a129f5307ce7ebc0da90b40"
  integrity sha512-vWZTPtBU6pBoyWZDRZJHkXsyP2ZCZBHE3DRVXnSVdQKH/mcDtu9S5Kz8CUDyIqpfZfLEyI9rjKJLnc4Y40BRBg==
  dependencies:
    tabbable "^1.0.3"

focus-trap@^4.0.2:
  version "4.0.2"
  resolved "https://registry.yarnpkg.com/focus-trap/-/focus-trap-4.0.2.tgz#4ee2b96547c9ea0e4252a2d4b2cca68944194663"
  integrity sha512-HtLjfAK7Hp2qbBtLS6wEznID1mPT+48ZnP2nkHzgjpL4kroYHg0CdqJ5cTXk+UO5znAxF5fRUkhdyfgrhh8Lzw==
  dependencies:
    tabbable "^3.1.2"
    xtend "^4.0.1"

global@^4.3.0:
  version "4.4.0"
  resolved "https://registry.yarnpkg.com/global/-/global-4.4.0.tgz#3e7b105179006a323ed71aafca3e9c57a5cc6406"
  integrity sha512-wv/LAoHdRE3BeTGz53FAamhGlPLhlssK45usmGFThIi4XqnBmjKQ16u+RNbP7WvigRZDxUsM0J3gcQ5yicaL0w==
  dependencies:
    min-document "^2.19.0"
    process "^0.11.10"

"js-tokens@^3.0.0 || ^4.0.0":
  version "4.0.0"
  resolved "https://registry.yarnpkg.com/js-tokens/-/js-tokens-4.0.0.tgz#19203fb59991df98e3a287050d4647cdeaf32499"
  integrity sha512-RdJUflcE3cUzKiMqQgsCu06FPu9UdIJO0beYbPhHN4k6apgJtifcoCtT9bcxOpYBtpD2kCM6Sbzg4CausW/PKQ==

lodash.uniqueid@^4.0.1:
  version "4.0.1"
  resolved "https://registry.yarnpkg.com/lodash.uniqueid/-/lodash.uniqueid-4.0.1.tgz#3268f26a7c88e4f4b1758d679271814e31fa5b26"
  integrity sha1-MmjyanyI5PSxdY1nknGBTjH6WyY=

lodash@^4.17.19, lodash@^4.6.1:
  version "4.17.21"
  resolved "https://registry.yarnpkg.com/lodash/-/lodash-4.17.21.tgz#679591c564c3bffaae8454cf0b3df370c3d6911c"
  integrity sha512-v2kDEe57lecTulaDIuNTPy3Ry4gLGJ6Z1O3vE1krgXZNrsQ+LFTGHVxVjcXPs17LhbZVGedAJv8XZ1tvj5FvSg==

loose-envify@^1.4.0:
  version "1.4.0"
  resolved "https://registry.yarnpkg.com/loose-envify/-/loose-envify-1.4.0.tgz#71ee51fa7be4caec1a63839f7e682d8132d30caf"
  integrity sha512-lyuxPGr/Wfhrlem2CL/UcnUc1zcqKAImBDzukY7Y5F/yQiNdko6+fRLevlw1HgMySw7f611UIY408EtxRSoK3Q==
  dependencies:
    js-tokens "^3.0.0 || ^4.0.0"

min-document@^2.19.0:
  version "2.19.0"
  resolved "https://registry.yarnpkg.com/min-document/-/min-document-2.19.0.tgz#7bd282e3f5842ed295bb748cdd9f1ffa2c824685"
  integrity sha1-e9KC4/WELtKVu3SM3Z8f+iyCRoU=
  dependencies:
    dom-walk "^0.1.0"

no-scroll@^2.0.0:
  version "2.1.1"
  resolved "https://registry.yarnpkg.com/no-scroll/-/no-scroll-2.1.1.tgz#f37e08cb159b75a5bdbfc0a87cd9223e120e6e27"
  integrity sha512-YTzGAJOo/B6hkodeT5SKKHpOhAzjMfkUCCXjLJwjWk2F4/InIg+HbdH9kmT7bKpleDuqLZDTRy2OdNtAj0IVyQ==

object-assign@^4.0.1, object-assign@^4.1.0, object-assign@^4.1.1:
  version "4.1.1"
  resolved "https://registry.yarnpkg.com/object-assign/-/object-assign-4.1.1.tgz#2109adc7965887cfc05cbbd442cac8bfbb360863"
  integrity sha1-IQmtx5ZYh8/AXLvUQsrIv7s2CGM=

prismjs@^1.11.0:
  version "1.24.0"
  resolved "https://registry.yarnpkg.com/prismjs/-/prismjs-1.24.0.tgz#0409c30068a6c52c89ef7f1089b3ca4de56be2ac"
  integrity sha512-SqV5GRsNqnzCL8k5dfAjCNhUrF3pR0A9lTDSCUZeh/LIshheXJEaP0hwLz2t4XHivd2J/v2HR+gRnigzeKe3cQ==

process@^0.11.10:
  version "0.11.10"
  resolved "https://registry.yarnpkg.com/process/-/process-0.11.10.tgz#7332300e840161bda3e69a1d1d91a7d4bc16f182"
  integrity sha1-czIwDoQBYb2j5podHZGn1LwW8YI=

prop-types@^15.5.4, prop-types@^15.6.2, prop-types@^15.7.2:
  version "15.7.2"
  resolved "https://registry.yarnpkg.com/prop-types/-/prop-types-15.7.2.tgz#52c41e75b8c87e72b9d9360e0206b99dcbffa6c5"
  integrity sha512-8QQikdH7//R2vurIJSutZ1smHYTcLpRWEOlHnzcWHmBYrOGUysKwSsrC89BCiFj3CbrfJ/nXFdJepOVrY1GCHQ==
  dependencies:
    loose-envify "^1.4.0"
    object-assign "^4.1.1"
    react-is "^16.8.1"

query-string@^5.1.1:
  version "5.1.1"
  resolved "https://registry.yarnpkg.com/query-string/-/query-string-5.1.1.tgz#a78c012b71c17e05f2e3fa2319dd330682efb3cb"
  integrity sha512-gjWOsm2SoGlgLEdAGt7a6slVOk9mGiXmPFMqrEhLQ68rhQuBnpfs3+EmlvqKyxnCo9/PPlF+9MtY02S1aFg+Jw==
  dependencies:
    decode-uri-component "^0.2.0"
    object-assign "^4.1.0"
    strict-uri-encode "^1.0.0"

react-aria-modal@^2.11.1:
  version "2.12.3"
  resolved "https://registry.yarnpkg.com/react-aria-modal/-/react-aria-modal-2.12.3.tgz#6d8ea702c96682418d4cd1bf84f1b03fcc2dc36a"
  integrity sha512-XIsB9mFRJe5c4MJ/CIZPRci6ZTEEWzUSRslM63rxwCFAV0HbC8KkaSlA2CtvwYmMwVd+lAsGDN7yUtOQXOGkQQ==
  dependencies:
    focus-trap-react "^3.0.4"
    no-scroll "^2.0.0"
    react-displace "^2.3.0"

react-deep-force-update@^2.1.1:
  version "2.1.3"
  resolved "https://registry.yarnpkg.com/react-deep-force-update/-/react-deep-force-update-2.1.3.tgz#740612322e617bcced38f61794a4af75dc3d98e7"
  integrity sha512-lqD4eHKVuB65RyO/hGbEST53E2/GPbcIPcFYyeW/p4vNngtH4G7jnKGlU6u1OqrFo0uNfIvwuBOg98IbLHlNEA==

react-displace@^2.3.0:
  version "2.3.0"
  resolved "https://registry.yarnpkg.com/react-displace/-/react-displace-2.3.0.tgz#6915f8f2f279a29a7b58442405c26edc3d441429"
  integrity sha512-T8g/lyn3IX8kxLO4k4vJ/oIO9G72pRTc9GYslqKsfPcN4gY5+FYR5OHxeTH1skPjVylJrveGE3OC2qCt3BuHeA==

react-hot-loader@^3.1.3:
  version "3.1.3"
  resolved "https://registry.yarnpkg.com/react-hot-loader/-/react-hot-loader-3.1.3.tgz#6f92877326958c7cb0134b512474517869126082"
  integrity sha512-d7nZf78irxoGN5PY4zd6CSgZiroOhvIWzRast3qwTn4sSnBwlt08kV8WMQ9mitmxEdlCTwZt+5ClrRSjxWguMQ==
  dependencies:
    global "^4.3.0"
    react-deep-force-update "^2.1.1"
    react-proxy "^3.0.0-alpha.0"
    redbox-react "^1.3.6"
    source-map "^0.6.1"

react-is@^16.8.1, react-is@^16.9.0:
  version "16.13.1"
  resolved "https://registry.yarnpkg.com/react-is/-/react-is-16.13.1.tgz#789729a4dc36de2999dc156dd6c1d9c18cea56a4"
  integrity sha512-24e6ynE2H+OKt4kqsOvNd8kBpV65zoxbA4BVsEOB3ARVWQki/DHzaUoC5KuON/BiccDaCCTZBuOcfZs70kR8bQ==

react-lifecycles-compat@^3.0.4:
  version "3.0.4"
  resolved "https://registry.yarnpkg.com/react-lifecycles-compat/-/react-lifecycles-compat-3.0.4.tgz#4f1a273afdfc8f3488a8c516bfda78f872352362"
  integrity sha512-fBASbA6LnOU9dOU2eW7aQ8xmYBSXUIWr+UmF9b1efZBazGNO+rcXT/icdKnYm2pTwcRylVUYwW7H1PHfLekVzA==

react-proxy@^3.0.0-alpha.0:
  version "3.0.0-alpha.1"
  resolved "https://registry.yarnpkg.com/react-proxy/-/react-proxy-3.0.0-alpha.1.tgz#4400426bcfa80caa6724c7755695315209fa4b07"
  integrity sha1-RABCa8+oDKpnJMd1VpUxUgn6Swc=
  dependencies:
    lodash "^4.6.1"

react-transition-group@^2.9.0:
  version "2.9.0"
  resolved "https://registry.yarnpkg.com/react-transition-group/-/react-transition-group-2.9.0.tgz#df9cdb025796211151a436c69a8f3b97b5b07c8d"
  integrity sha512-+HzNTCHpeQyl4MJ/bdE0u6XRMe9+XG/+aL4mCxVN4DnPBQ0/5bfHWPDuOZUzYdMj94daZaZdCCc1Dzt9R/xSSg==
  dependencies:
    dom-helpers "^3.4.0"
    loose-envify "^1.4.0"
    prop-types "^15.6.2"
    react-lifecycles-compat "^3.0.4"

redbox-react@^1.3.6:
  version "1.6.0"
  resolved "https://registry.yarnpkg.com/redbox-react/-/redbox-react-1.6.0.tgz#e753ac02595bc1bf695b3935889a4f5b1b5a21a1"
  integrity sha512-mLjM5eYR41yOp5YKHpd3syFeGq6B4Wj5vZr64nbLvTZW5ZLff4LYk7VE4ITpVxkZpCY6OZuqh0HiP3A3uEaCpg==
  dependencies:
    error-stack-parser "^1.3.6"
    object-assign "^4.0.1"
    prop-types "^15.5.4"
    sourcemapped-stacktrace "^1.1.6"

regenerator-runtime@^0.13.4:
  version "0.13.7"
  resolved "https://registry.yarnpkg.com/regenerator-runtime/-/regenerator-runtime-0.13.7.tgz#cac2dacc8a1ea675feaabaeb8ae833898ae46f55"
  integrity sha512-a54FxoJDIr27pgf7IgeQGxmqUNYrcV338lf/6gH456HZ/PhX+5BcwHXG9ajESmwe6WRO0tAzRUrRmNONWgkrew==

source-map@0.5.6:
  version "0.5.6"
  resolved "https://registry.yarnpkg.com/source-map/-/source-map-0.5.6.tgz#75ce38f52bf0733c5a7f0c118d81334a2bb5f412"
  integrity sha1-dc449SvwczxafwwRjYEzSiu19BI=

source-map@^0.6.1:
  version "0.6.1"
  resolved "https://registry.yarnpkg.com/source-map/-/source-map-0.6.1.tgz#74722af32e9614e9c287a8d0bbde48b5e2f1a263"
  integrity sha512-UjgapumWlbMhkBgzT7Ykc5YXUT46F0iKu8SGXq0bcwP5dz/h0Plj6enJqjz1Zbq2l5WaqYnrVbwWOWMyF3F47g==

sourcemapped-stacktrace@^1.1.6:
  version "1.1.11"
  resolved "https://registry.yarnpkg.com/sourcemapped-stacktrace/-/sourcemapped-stacktrace-1.1.11.tgz#e2dede7fc148599c52a4f883276e527f8452657d"
  integrity sha512-O0pcWjJqzQFVsisPlPXuNawJHHg9N9UgpJ/aDmvi9+vnS3x1C0NhwkVFzzZ1VN0Xo+bekyweoqYvBw5ZBKiNnQ==
  dependencies:
    source-map "0.5.6"

stackframe@^0.3.1:
  version "0.3.1"
  resolved "https://registry.yarnpkg.com/stackframe/-/stackframe-0.3.1.tgz#33aa84f1177a5548c8935533cbfeb3420975f5a4"
  integrity sha1-M6qE8Rd6VUjIk1Uzy/6zQgl19aQ=

strict-uri-encode@^1.0.0:
  version "1.1.0"
  resolved "https://registry.yarnpkg.com/strict-uri-encode/-/strict-uri-encode-1.1.0.tgz#279b225df1d582b1f54e65addd4352e18faa0713"
  integrity sha1-J5siXfHVgrH1TmWt3UNS4Y+qBxM=

tabbable@^1.0.3:
  version "1.1.3"
  resolved "https://registry.yarnpkg.com/tabbable/-/tabbable-1.1.3.tgz#0e4ee376f3631e42d7977a074dbd2b3827843081"
  integrity sha512-nOWwx35/JuDI4ONuF0ZTo6lYvI0fY0tZCH1ErzY2EXfu4az50ZyiUX8X073FLiZtmWUVlkRnuXsehjJgCw9tYg==

tabbable@^3.1.2:
  version "3.1.2"
  resolved "https://registry.yarnpkg.com/tabbable/-/tabbable-3.1.2.tgz#f2d16cccd01f400e38635c7181adfe0ad965a4a2"
  integrity sha512-wjB6puVXTYO0BSFtCmWQubA/KIn7Xvajw0x0l6eJUudMG/EAiJvIUnyNX6xO4NpGrJ16lbD0eUseB9WxW0vlpQ==

url-join@^4.0.1:
  version "4.0.1"
  resolved "https://registry.yarnpkg.com/url-join/-/url-join-4.0.1.tgz#b642e21a2646808ffa178c4c5fda39844e12cde7"
  integrity sha512-jk1+QP6ZJqyOiuEI9AEWQfju/nB2Pw466kbA0LEZljHwKeMgd9WrAEgEGxjPDD2+TNbbb37rTyhEfrCXfuKXnA==

xtend@^4.0.1:
  version "4.0.2"
  resolved "https://registry.yarnpkg.com/xtend/-/xtend-4.0.2.tgz#bb72779f5fa465186b1f438f674fa347fdb5db54"
  integrity sha512-LKYU1iAXJXUgAXn9URjiu+MWhyUXHsvfp7mcuYm9dSUKK0/CjtrUwFAxD82/mCWbtLsGjFIad0wIsod4zrTAEQ==
