# THIS IS AN AUTOGENERATED FILE. DO NOT EDIT THIS FILE DIRECTLY.
# yarn lockfile v1


"@babel/runtime@^7.4.5":
  version "7.9.2"
  resolved "https://registry.yarnpkg.com/@babel/runtime/-/runtime-7.9.2.tgz#d90df0583a3a252f09aaa619665367bae518db06"
  integrity sha512-NE2DtOdufG7R5vnfQUTehdTfNycfUANEtCa9PssN9O/xmTzP4E08UI797ixaei6hBEVL9BI/PsdJS5x7mWoB9Q==
  dependencies:
    regenerator-runtime "^0.13.4"

classnames@^2.2.5:
  version "2.2.6"
  resolved "https://registry.yarnpkg.com/classnames/-/classnames-2.2.6.tgz#43935bffdd291f326dad0a205309b38d00f650ce"
  integrity sha512-JR/iSQOSt+LQIWwrwEzJ9uk0xfN3mTVYMwt1Ir5mUcSN6pU+V4zQFFaJsclJbPuAUQH+yfWef6tm7l1quW3C8Q==

compute-scroll-into-view@^1.0.9:
  version "1.0.13"
  resolved "https://registry.yarnpkg.com/compute-scroll-into-view/-/compute-scroll-into-view-1.0.13.tgz#be1b1663b0e3f56cd5f7713082549f562a3477e2"
  integrity sha512-o+w9w7A98aAFi/GjK8cxSV+CdASuPa2rR5UWs3+yHkJzWqaKoBEufFNWYaXInCSmUfDCVhesG+v9MTWqOjsxFg==

core-js@^2.5.3:
  version "2.6.11"
  resolved "https://registry.yarnpkg.com/core-js/-/core-js-2.6.11.tgz#38831469f9922bded8ee21c9dc46985e0399308c"
  integrity sha512-5wjnpaT/3dV+XB4borEsnAYQchn00XSgTAWKDkEqv+K8KevjbzmofK6hfJ9TZIlpj2N0xQpazy7PiRQiWHqzWg==

downshift@^3.2.10:
  version "3.4.8"
  resolved "https://registry.yarnpkg.com/downshift/-/downshift-3.4.8.tgz#06b7ad9e9c423a58e8a9049b2a00a5d19c7ef954"
  integrity sha512-dZL3iNL/LbpHNzUQAaVq/eTD1ocnGKKjbAl/848Q0KEp6t81LJbS37w3f93oD6gqqAnjdgM7Use36qZSipHXBw==
  dependencies:
    "@babel/runtime" "^7.4.5"
    compute-scroll-into-view "^1.0.9"
    prop-types "^15.7.2"
    react-is "^16.9.0"

ev-emitter@^1.1.1:
  version "1.1.1"
  resolved "https://registry.yarnpkg.com/ev-emitter/-/ev-emitter-1.1.1.tgz#8f18b0ce5c76a5d18017f71c0a795c65b9138f2a"
  integrity sha512-ipiDYhdQSCZ4hSbX4rMW+XzNKMD1prg/sTvoVmSLkuQ1MVlwjJQQA+sW8tMYR3BLUr9KjodFV4pvzunvRhd33Q==

focus-trap-react@^3.0.4:
  version "3.1.4"
  resolved "https://registry.yarnpkg.com/focus-trap-react/-/focus-trap-react-3.1.4.tgz#e95f4aece5c493be4d3653dfccd5036d11ad24d5"
  integrity sha512-uqMKMg9Xlny0LKHW0HqA7ncLafW57SxgeedjE7/Xt+NB7sdOBUG4eD/9sMsq1O0+7zD3palpniTs2n0PDLc3uA==
  dependencies:
    focus-trap "^2.0.1"

focus-trap@^2.0.1:
  version "2.4.6"
  resolved "https://registry.yarnpkg.com/focus-trap/-/focus-trap-2.4.6.tgz#332b475b317cec6a4a129f5307ce7ebc0da90b40"
  integrity sha512-vWZTPtBU6pBoyWZDRZJHkXsyP2ZCZBHE3DRVXnSVdQKH/mcDtu9S5Kz8CUDyIqpfZfLEyI9rjKJLnc4Y40BRBg==
  dependencies:
    tabbable "^1.0.3"

"js-tokens@^3.0.0 || ^4.0.0":
  version "4.0.0"
  resolved "https://registry.yarnpkg.com/js-tokens/-/js-tokens-4.0.0.tgz#19203fb59991df98e3a287050d4647cdeaf32499"
  integrity sha512-RdJUflcE3cUzKiMqQgsCu06FPu9UdIJO0beYbPhHN4k6apgJtifcoCtT9bcxOpYBtpD2kCM6Sbzg4CausW/PKQ==

lodash.uniqueid@^4.0.1:
  version "4.0.1"
  resolved "https://registry.yarnpkg.com/lodash.uniqueid/-/lodash.uniqueid-4.0.1.tgz#3268f26a7c88e4f4b1758d679271814e31fa5b26"
  integrity sha1-MmjyanyI5PSxdY1nknGBTjH6WyY=

loose-envify@^1.4.0:
  version "1.4.0"
  resolved "https://registry.yarnpkg.com/loose-envify/-/loose-envify-1.4.0.tgz#71ee51fa7be4caec1a63839f7e682d8132d30caf"
  integrity sha512-lyuxPGr/Wfhrlem2CL/UcnUc1zcqKAImBDzukY7Y5F/yQiNdko6+fRLevlw1HgMySw7f611UIY408EtxRSoK3Q==
  dependencies:
    js-tokens "^3.0.0 || ^4.0.0"

no-scroll@^2.0.0:
  version "2.1.1"
  resolved "https://registry.yarnpkg.com/no-scroll/-/no-scroll-2.1.1.tgz#f37e08cb159b75a5bdbfc0a87cd9223e120e6e27"
  integrity sha512-YTzGAJOo/B6hkodeT5SKKHpOhAzjMfkUCCXjLJwjWk2F4/InIg+HbdH9kmT7bKpleDuqLZDTRy2OdNtAj0IVyQ==

object-assign@^4.1.1:
  version "4.1.1"
  resolved "https://registry.yarnpkg.com/object-assign/-/object-assign-4.1.1.tgz#2109adc7965887cfc05cbbd442cac8bfbb360863"
  integrity sha1-IQmtx5ZYh8/AXLvUQsrIv7s2CGM=

prop-types@^15.7.2:
  version "15.7.2"
  resolved "https://registry.yarnpkg.com/prop-types/-/prop-types-15.7.2.tgz#52c41e75b8c87e72b9d9360e0206b99dcbffa6c5"
  integrity sha512-8QQikdH7//R2vurIJSutZ1smHYTcLpRWEOlHnzcWHmBYrOGUysKwSsrC89BCiFj3CbrfJ/nXFdJepOVrY1GCHQ==
  dependencies:
    loose-envify "^1.4.0"
    object-assign "^4.1.1"
    react-is "^16.8.1"

react-aria-modal@^2.11.1:
  version "2.12.3"
  resolved "https://registry.yarnpkg.com/react-aria-modal/-/react-aria-modal-2.12.3.tgz#6d8ea702c96682418d4cd1bf84f1b03fcc2dc36a"
  integrity sha512-XIsB9mFRJe5c4MJ/CIZPRci6ZTEEWzUSRslM63rxwCFAV0HbC8KkaSlA2CtvwYmMwVd+lAsGDN7yUtOQXOGkQQ==
  dependencies:
    focus-trap-react "^3.0.4"
    no-scroll "^2.0.0"
    react-displace "^2.3.0"

react-displace@^2.3.0:
  version "2.3.0"
  resolved "https://registry.yarnpkg.com/react-displace/-/react-displace-2.3.0.tgz#6915f8f2f279a29a7b58442405c26edc3d441429"
  integrity sha512-T8g/lyn3IX8kxLO4k4vJ/oIO9G72pRTc9GYslqKsfPcN4gY5+FYR5OHxeTH1skPjVylJrveGE3OC2qCt3BuHeA==

react-is@^16.8.1, react-is@^16.9.0:
  version "16.13.1"
  resolved "https://registry.yarnpkg.com/react-is/-/react-is-16.13.1.tgz#789729a4dc36de2999dc156dd6c1d9c18cea56a4"
  integrity sha512-24e6ynE2H+OKt4kqsOvNd8kBpV65zoxbA4BVsEOB3ARVWQki/DHzaUoC5KuON/BiccDaCCTZBuOcfZs70kR8bQ==

regenerator-runtime@^0.13.4:
  version "0.13.5"
  resolved "https://registry.yarnpkg.com/regenerator-runtime/-/regenerator-runtime-0.13.5.tgz#d878a1d094b4306d10b9096484b33ebd55e26697"
  integrity sha512-ZS5w8CpKFinUzOwW3c83oPeVXoNsrLsaCoLtJvAClH135j/R77RuymhiSErhm2lKcwSCIpmvIWSbDkIfAqKQlA==

tabbable@^1.0.3:
  version "1.1.3"
  resolved "https://registry.yarnpkg.com/tabbable/-/tabbable-1.1.3.tgz#0e4ee376f3631e42d7977a074dbd2b3827843081"
  integrity sha512-nOWwx35/JuDI4ONuF0ZTo6lYvI0fY0tZCH1ErzY2EXfu4az50ZyiUX8X073FLiZtmWUVlkRnuXsehjJgCw9tYg==
