# THIS IS AN AUTOGENERATED FILE. DO NOT EDIT THIS FILE DIRECTLY.
# yarn lockfile v1


"@babel/runtime@^7.4.5":
  version "7.8.7"
  resolved "https://registry.yarnpkg.com/@babel/runtime/-/runtime-7.8.7.tgz#8fefce9802db54881ba59f90bb28719b4996324d"
  integrity sha512-+AATMUFppJDw6aiR5NVPHqIQBlV/Pj8wY/EZH+lmvRdUo9xBaz/rF3alAwFJQavvKfeOlPE7oaaDHVbcySbCsg==
  dependencies:
    regenerator-runtime "^0.13.4"

"@cmsgov/design-system@file:../design-system":
  version "4.0.0-beta.1"
  dependencies:
    classnames "^2.2.5"
    core-js "^2.5.3"
    downshift "^3.2.10"
    ev-emitter "^1.1.1"
    lodash.uniqueid "^4.0.1"
    react-aria-modal "^2.11.1"

asap@~2.0.3:
  version "2.0.5"
  resolved "https://registry.yarnpkg.com/asap/-/asap-2.0.5.tgz#522765b50c3510490e52d7dcfe085ef9ba96958f"

classnames@^2.2.5:
  version "2.2.5"
  resolved "https://registry.yarnpkg.com/classnames/-/classnames-2.2.5.tgz#fb3801d453467649ef3603c7d61a02bd129bde6d"

clipboard@^1.7.1:
  version "1.7.1"
  resolved "https://registry.yarnpkg.com/clipboard/-/clipboard-1.7.1.tgz#360d6d6946e99a7a1fef395e42ba92b5e9b5a16b"
  dependencies:
    good-listener "^1.2.2"
    select "^1.1.2"
    tiny-emitter "^2.0.0"

compute-scroll-into-view@^1.0.9:
  version "1.0.13"
  resolved "https://registry.yarnpkg.com/compute-scroll-into-view/-/compute-scroll-into-view-1.0.13.tgz#be1b1663b0e3f56cd5f7713082549f562a3477e2"
  integrity sha512-o+w9w7A98aAFi/GjK8cxSV+CdASuPa2rR5UWs3+yHkJzWqaKoBEufFNWYaXInCSmUfDCVhesG+v9MTWqOjsxFg==

core-js@^1.0.0:
  version "1.2.7"
  resolved "https://registry.yarnpkg.com/core-js/-/core-js-1.2.7.tgz#652294c14651db28fa93bd2d5ff2983a4f08c636"

core-js@^2.5.3:
  version "2.5.3"
  resolved "https://registry.yarnpkg.com/core-js/-/core-js-2.5.3.tgz#8acc38345824f16d8365b7c9b4259168e8ed603e"

delegate@^3.1.2:
  version "3.1.2"
  resolved "https://registry.yarnpkg.com/delegate/-/delegate-3.1.2.tgz#1e1bc6f5cadda6cb6cbf7e6d05d0bcdd5712aebe"

dom-walk@^0.1.0:
  version "0.1.1"
  resolved "https://registry.yarnpkg.com/dom-walk/-/dom-walk-0.1.1.tgz#672226dc74c8f799ad35307df936aba11acd6018"

downshift@^3.2.10:
  version "3.4.8"
  resolved "https://registry.yarnpkg.com/downshift/-/downshift-3.4.8.tgz#06b7ad9e9c423a58e8a9049b2a00a5d19c7ef954"
  integrity sha512-dZL3iNL/LbpHNzUQAaVq/eTD1ocnGKKjbAl/848Q0KEp6t81LJbS37w3f93oD6gqqAnjdgM7Use36qZSipHXBw==
  dependencies:
    "@babel/runtime" "^7.4.5"
    compute-scroll-into-view "^1.0.9"
    prop-types "^15.7.2"
    react-is "^16.9.0"

encoding@^0.1.11:
  version "0.1.12"
  resolved "https://registry.yarnpkg.com/encoding/-/encoding-0.1.12.tgz#538b66f3ee62cd1ab51ec323829d1f9480c74beb"
  dependencies:
    iconv-lite "~0.4.13"

error-stack-parser@^1.3.6:
  version "1.3.6"
  resolved "https://registry.yarnpkg.com/error-stack-parser/-/error-stack-parser-1.3.6.tgz#e0e73b93e417138d1cd7c0b746b1a4a14854c292"
  dependencies:
    stackframe "^0.3.1"

ev-emitter@^1.1.1:
  version "1.1.1"
  resolved "https://registry.yarnpkg.com/ev-emitter/-/ev-emitter-1.1.1.tgz#8f18b0ce5c76a5d18017f71c0a795c65b9138f2a"
  integrity sha512-ipiDYhdQSCZ4hSbX4rMW+XzNKMD1prg/sTvoVmSLkuQ1MVlwjJQQA+sW8tMYR3BLUr9KjodFV4pvzunvRhd33Q==

fbjs@^0.8.16:
  version "0.8.16"
  resolved "https://registry.yarnpkg.com/fbjs/-/fbjs-0.8.16.tgz#5e67432f550dc41b572bf55847b8aca64e5337db"
  dependencies:
    core-js "^1.0.0"
    isomorphic-fetch "^2.1.1"
    loose-envify "^1.0.0"
    object-assign "^4.1.0"
    promise "^7.1.1"
    setimmediate "^1.0.5"
    ua-parser-js "^0.7.9"

focus-trap-react@^3.0.4:
  version "3.1.4"
  resolved "https://registry.yarnpkg.com/focus-trap-react/-/focus-trap-react-3.1.4.tgz#e95f4aece5c493be4d3653dfccd5036d11ad24d5"
  integrity sha512-uqMKMg9Xlny0LKHW0HqA7ncLafW57SxgeedjE7/Xt+NB7sdOBUG4eD/9sMsq1O0+7zD3palpniTs2n0PDLc3uA==
  dependencies:
    focus-trap "^2.0.1"

focus-trap@^2.0.1:
  version "2.4.6"
  resolved "https://registry.yarnpkg.com/focus-trap/-/focus-trap-2.4.6.tgz#332b475b317cec6a4a129f5307ce7ebc0da90b40"
  integrity sha512-vWZTPtBU6pBoyWZDRZJHkXsyP2ZCZBHE3DRVXnSVdQKH/mcDtu9S5Kz8CUDyIqpfZfLEyI9rjKJLnc4Y40BRBg==
  dependencies:
    tabbable "^1.0.3"

global@^4.3.0:
  version "4.3.2"
  resolved "https://registry.yarnpkg.com/global/-/global-4.3.2.tgz#e76989268a6c74c38908b1305b10fc0e394e9d0f"
  dependencies:
    min-document "^2.19.0"
    process "~0.5.1"

good-listener@^1.2.2:
  version "1.2.2"
  resolved "https://registry.yarnpkg.com/good-listener/-/good-listener-1.2.2.tgz#d53b30cdf9313dffb7dc9a0d477096aa6d145c50"
  dependencies:
    delegate "^3.1.2"

iconv-lite@~0.4.13:
  version "0.4.15"
  resolved "https://registry.yarnpkg.com/iconv-lite/-/iconv-lite-0.4.15.tgz#fe265a218ac6a57cfe854927e9d04c19825eddeb"

is-stream@^1.0.1:
  version "1.1.0"
  resolved "https://registry.yarnpkg.com/is-stream/-/is-stream-1.1.0.tgz#12d4a3dd4e68e0b79ceb8dbc84173ae80d91ca44"

isomorphic-fetch@^2.1.1:
  version "2.2.1"
  resolved "https://registry.yarnpkg.com/isomorphic-fetch/-/isomorphic-fetch-2.2.1.tgz#611ae1acf14f5e81f729507472819fe9733558a9"
  dependencies:
    node-fetch "^1.0.1"
    whatwg-fetch ">=0.10.0"

js-tokens@^3.0.0:
  version "3.0.1"
  resolved "https://registry.yarnpkg.com/js-tokens/-/js-tokens-3.0.1.tgz#08e9f132484a2c45a30907e9dc4d5567b7f114d7"

"js-tokens@^3.0.0 || ^4.0.0":
  version "4.0.0"
  resolved "https://registry.yarnpkg.com/js-tokens/-/js-tokens-4.0.0.tgz#19203fb59991df98e3a287050d4647cdeaf32499"
  integrity sha512-RdJUflcE3cUzKiMqQgsCu06FPu9UdIJO0beYbPhHN4k6apgJtifcoCtT9bcxOpYBtpD2kCM6Sbzg4CausW/PKQ==

lodash.uniqueid@^4.0.1:
  version "4.0.1"
  resolved "https://registry.yarnpkg.com/lodash.uniqueid/-/lodash.uniqueid-4.0.1.tgz#3268f26a7c88e4f4b1758d679271814e31fa5b26"
  integrity sha1-MmjyanyI5PSxdY1nknGBTjH6WyY=

lodash@^4.17.13, lodash@^4.6.1:
  version "4.17.15"
  resolved "https://registry.yarnpkg.com/lodash/-/lodash-4.17.15.tgz#b447f6670a0455bbfeedd11392eff330ea097548"
  integrity sha512-8xOcRHvCjnocdS5cpwXQXVzmmh5e5+saE2QGoeQmbKmRS6J3VQppPOIt0MnmE+4xlZoumy0GPG0D0MVIQbNA1A==

loose-envify@^1.0.0, loose-envify@^1.1.0, loose-envify@^1.3.1:
  version "1.3.1"
  resolved "https://registry.yarnpkg.com/loose-envify/-/loose-envify-1.3.1.tgz#d1a8ad33fa9ce0e713d65fdd0ac8b748d478c848"
  dependencies:
    js-tokens "^3.0.0"

loose-envify@^1.4.0:
  version "1.4.0"
  resolved "https://registry.yarnpkg.com/loose-envify/-/loose-envify-1.4.0.tgz#71ee51fa7be4caec1a63839f7e682d8132d30caf"
  integrity sha512-lyuxPGr/Wfhrlem2CL/UcnUc1zcqKAImBDzukY7Y5F/yQiNdko6+fRLevlw1HgMySw7f611UIY408EtxRSoK3Q==
  dependencies:
    js-tokens "^3.0.0 || ^4.0.0"

min-document@^2.19.0:
  version "2.19.0"
  resolved "https://registry.yarnpkg.com/min-document/-/min-document-2.19.0.tgz#7bd282e3f5842ed295bb748cdd9f1ffa2c824685"
  dependencies:
    dom-walk "^0.1.0"

no-scroll@^2.0.0:
  version "2.1.1"
  resolved "https://registry.yarnpkg.com/no-scroll/-/no-scroll-2.1.1.tgz#f37e08cb159b75a5bdbfc0a87cd9223e120e6e27"
  integrity sha512-YTzGAJOo/B6hkodeT5SKKHpOhAzjMfkUCCXjLJwjWk2F4/InIg+HbdH9kmT7bKpleDuqLZDTRy2OdNtAj0IVyQ==

node-fetch@^1.0.1:
  version "1.6.3"
  resolved "https://registry.yarnpkg.com/node-fetch/-/node-fetch-1.6.3.tgz#dc234edd6489982d58e8f0db4f695029abcd8c04"
  dependencies:
    encoding "^0.1.11"
    is-stream "^1.0.1"

object-assign@^4.0.1, object-assign@^4.1.0, object-assign@^4.1.1:
  version "4.1.1"
  resolved "https://registry.yarnpkg.com/object-assign/-/object-assign-4.1.1.tgz#2109adc7965887cfc05cbbd442cac8bfbb360863"

prismjs@^1.11.0:
  version "1.11.0"
  resolved "https://registry.yarnpkg.com/prismjs/-/prismjs-1.11.0.tgz#297aef33eb79421bfdb19273a5092ca515970d29"
  optionalDependencies:
    clipboard "^1.7.1"

process@~0.5.1:
  version "0.5.2"
  resolved "https://registry.yarnpkg.com/process/-/process-0.5.2.tgz#1638d8a8e34c2f440a91db95ab9aeb677fc185cf"

promise@^7.1.1:
  version "7.1.1"
  resolved "https://registry.yarnpkg.com/promise/-/promise-7.1.1.tgz#489654c692616b8aa55b0724fa809bb7db49c5bf"
  dependencies:
    asap "~2.0.3"

prop-types@^15.5.4, prop-types@^15.6.0, prop-types@^15.6.1:
  version "15.6.1"
  resolved "https://registry.yarnpkg.com/prop-types/-/prop-types-15.6.1.tgz#36644453564255ddda391191fb3a125cbdf654ca"
  dependencies:
    fbjs "^0.8.16"
    loose-envify "^1.3.1"
    object-assign "^4.1.1"

prop-types@^15.7.2:
  version "15.7.2"
  resolved "https://registry.yarnpkg.com/prop-types/-/prop-types-15.7.2.tgz#52c41e75b8c87e72b9d9360e0206b99dcbffa6c5"
  integrity sha512-8QQikdH7//R2vurIJSutZ1smHYTcLpRWEOlHnzcWHmBYrOGUysKwSsrC89BCiFj3CbrfJ/nXFdJepOVrY1GCHQ==
  dependencies:
    loose-envify "^1.4.0"
    object-assign "^4.1.1"
    react-is "^16.8.1"

react-aria-modal@^2.11.1:
  version "2.12.3"
  resolved "https://registry.yarnpkg.com/react-aria-modal/-/react-aria-modal-2.12.3.tgz#6d8ea702c96682418d4cd1bf84f1b03fcc2dc36a"
  integrity sha512-XIsB9mFRJe5c4MJ/CIZPRci6ZTEEWzUSRslM63rxwCFAV0HbC8KkaSlA2CtvwYmMwVd+lAsGDN7yUtOQXOGkQQ==
  dependencies:
    focus-trap-react "^3.0.4"
    no-scroll "^2.0.0"
    react-displace "^2.3.0"

react-deep-force-update@^2.1.1:
  version "2.1.1"
  resolved "https://registry.yarnpkg.com/react-deep-force-update/-/react-deep-force-update-2.1.1.tgz#8ea4263cd6455a050b37445b3f08fd839d86e909"

react-displace@^2.3.0:
  version "2.3.0"
  resolved "https://registry.yarnpkg.com/react-displace/-/react-displace-2.3.0.tgz#6915f8f2f279a29a7b58442405c26edc3d441429"
  integrity sha512-T8g/lyn3IX8kxLO4k4vJ/oIO9G72pRTc9GYslqKsfPcN4gY5+FYR5OHxeTH1skPjVylJrveGE3OC2qCt3BuHeA==

react-dom@^16.2.1:
  version "16.2.1"
  resolved "https://registry.yarnpkg.com/react-dom/-/react-dom-16.2.1.tgz#5cfb32f66267ece7b3850466bf3b219d4911fc1a"
  integrity sha512-0ujGgYnpX0GlaAjUfwU7ddy0DjuzPmTHHi2SlPolGv7hAyUpK7XA7WZcxit5ZcU7cW5QU1HJjlS3eMn42tSfYQ==
  dependencies:
    fbjs "^0.8.16"
    loose-envify "^1.1.0"
    object-assign "^4.1.1"
    prop-types "^15.6.0"

react-hot-loader@^3.1.3:
  version "3.1.3"
  resolved "https://registry.yarnpkg.com/react-hot-loader/-/react-hot-loader-3.1.3.tgz#6f92877326958c7cb0134b512474517869126082"
  dependencies:
    global "^4.3.0"
    react-deep-force-update "^2.1.1"
    react-proxy "^3.0.0-alpha.0"
    redbox-react "^1.3.6"
    source-map "^0.6.1"

react-is@^16.8.1, react-is@^16.9.0:
  version "16.13.0"
  resolved "https://registry.yarnpkg.com/react-is/-/react-is-16.13.0.tgz#0f37c3613c34fe6b37cd7f763a0d6293ab15c527"
  integrity sha512-GFMtL0vHkiBv9HluwNZTggSn/sCyEt9n02aM0dSAjGGyqyNlAyftYm4phPxdvCigG15JreC5biwxCgTAJZ7yAA==

react-proxy@^3.0.0-alpha.0:
  version "3.0.0-alpha.1"
  resolved "https://registry.yarnpkg.com/react-proxy/-/react-proxy-3.0.0-alpha.1.tgz#4400426bcfa80caa6724c7755695315209fa4b07"
  dependencies:
    lodash "^4.6.1"

react@^16.2.0:
  version "16.2.0"
  resolved "https://registry.yarnpkg.com/react/-/react-16.2.0.tgz#a31bd2dab89bff65d42134fa187f24d054c273ba"
  dependencies:
    fbjs "^0.8.16"
    loose-envify "^1.1.0"
    object-assign "^4.1.1"
    prop-types "^15.6.0"

redbox-react@^1.3.6:
  version "1.5.0"
  resolved "https://registry.yarnpkg.com/redbox-react/-/redbox-react-1.5.0.tgz#04dab11557d26651bf3562a67c22ace56c5d3967"
  dependencies:
    error-stack-parser "^1.3.6"
    object-assign "^4.0.1"
    prop-types "^15.5.4"
    sourcemapped-stacktrace "^1.1.6"

regenerator-runtime@^0.13.4:
  version "0.13.4"
  resolved "https://registry.yarnpkg.com/regenerator-runtime/-/regenerator-runtime-0.13.4.tgz#e96bf612a3362d12bb69f7e8f74ffeab25c7ac91"
  integrity sha512-plpwicqEzfEyTQohIKktWigcLzmNStMGwbOUbykx51/29Z3JOGYldaaNGK7ngNXV+UcoqvIMmloZ48Sr74sd+g==

select@^1.1.2:
  version "1.1.2"
  resolved "https://registry.yarnpkg.com/select/-/select-1.1.2.tgz#0e7350acdec80b1108528786ec1d4418d11b396d"

setimmediate@^1.0.5:
  version "1.0.5"
  resolved "https://registry.yarnpkg.com/setimmediate/-/setimmediate-1.0.5.tgz#290cbb232e306942d7d7ea9b83732ab7856f8285"

source-map@0.5.6:
  version "0.5.6"
  resolved "https://registry.yarnpkg.com/source-map/-/source-map-0.5.6.tgz#75ce38f52bf0733c5a7f0c118d81334a2bb5f412"

source-map@^0.6.1:
  version "0.6.1"
  resolved "https://registry.yarnpkg.com/source-map/-/source-map-0.6.1.tgz#74722af32e9614e9c287a8d0bbde48b5e2f1a263"

sourcemapped-stacktrace@^1.1.6:
  version "1.1.8"
  resolved "https://registry.yarnpkg.com/sourcemapped-stacktrace/-/sourcemapped-stacktrace-1.1.8.tgz#6b7a3f1a6fb15f6d40e701e23ce404553480d688"
  dependencies:
    source-map "0.5.6"

stackframe@^0.3.1:
  version "0.3.1"
  resolved "https://registry.yarnpkg.com/stackframe/-/stackframe-0.3.1.tgz#33aa84f1177a5548c8935533cbfeb3420975f5a4"

tabbable@^1.0.3:
  version "1.1.3"
  resolved "https://registry.yarnpkg.com/tabbable/-/tabbable-1.1.3.tgz#0e4ee376f3631e42d7977a074dbd2b3827843081"
  integrity sha512-nOWwx35/JuDI4ONuF0ZTo6lYvI0fY0tZCH1ErzY2EXfu4az50ZyiUX8X073FLiZtmWUVlkRnuXsehjJgCw9tYg==

tiny-emitter@^2.0.0:
  version "2.0.2"
  resolved "https://registry.yarnpkg.com/tiny-emitter/-/tiny-emitter-2.0.2.tgz#82d27468aca5ade8e5fd1e6d22b57dd43ebdfb7c"

ua-parser-js@^0.7.9:
  version "0.7.12"
  resolved "https://registry.yarnpkg.com/ua-parser-js/-/ua-parser-js-0.7.12.tgz#04c81a99bdd5dc52263ea29d24c6bf8d4818a4bb"

whatwg-fetch@>=0.10.0:
  version "2.0.2"
  resolved "https://registry.yarnpkg.com/whatwg-fetch/-/whatwg-fetch-2.0.2.tgz#fe294d1d89e36c5be8b3195057f2e4bc74fc980e"
