# THIS IS AN AUTOGENERATED FILE. DO NOT EDIT THIS FILE DIRECTLY.
# yarn lockfile v1


ansi-regex@^2.0.0:
  version "2.1.1"
  resolved "https://registry.yarnpkg.com/ansi-regex/-/ansi-regex-2.1.1.tgz#c3b33ab5ee360d86e0e628f0468ae7ef27d654df"

ansi-styles@^2.2.1:
  version "2.2.1"
  resolved "https://registry.yarnpkg.com/ansi-styles/-/ansi-styles-2.2.1.tgz#b432dd3358b634cf75e1e4664368240533c1ddbe"

asap@~2.0.3:
  version "2.0.5"
  resolved "https://registry.yarnpkg.com/asap/-/asap-2.0.5.tgz#522765b50c3510490e52d7dcfe085ef9ba96958f"

babel-code-frame@^6.22.0:
  version "6.22.0"
  resolved "https://registry.yarnpkg.com/babel-code-frame/-/babel-code-frame-6.22.0.tgz#027620bee567a88c32561574e7fd0801d33118e4"
  dependencies:
    chalk "^1.1.0"
    esutils "^2.0.2"
    js-tokens "^3.0.0"

babel-messages@^6.23.0:
  version "6.23.0"
  resolved "https://registry.yarnpkg.com/babel-messages/-/babel-messages-6.23.0.tgz#f3cdf4703858035b2a2951c6ec5edf6c62f2630e"
  dependencies:
    babel-runtime "^6.22.0"

babel-runtime@^6.22.0:
  version "6.23.0"
  resolved "https://registry.yarnpkg.com/babel-runtime/-/babel-runtime-6.23.0.tgz#0a9489f144de70efb3ce4300accdb329e2fc543b"
  dependencies:
    core-js "^2.4.0"
    regenerator-runtime "^0.10.0"

babel-template@^6.7.0:
  version "6.25.0"
  resolved "https://registry.yarnpkg.com/babel-template/-/babel-template-6.25.0.tgz#665241166b7c2aa4c619d71e192969552b10c071"
  dependencies:
    babel-runtime "^6.22.0"
    babel-traverse "^6.25.0"
    babel-types "^6.25.0"
    babylon "^6.17.2"
    lodash "^4.2.0"

babel-traverse@^6.25.0:
  version "6.25.0"
  resolved "https://registry.yarnpkg.com/babel-traverse/-/babel-traverse-6.25.0.tgz#2257497e2fcd19b89edc13c4c91381f9512496f1"
  dependencies:
    babel-code-frame "^6.22.0"
    babel-messages "^6.23.0"
    babel-runtime "^6.22.0"
    babel-types "^6.25.0"
    babylon "^6.17.2"
    debug "^2.2.0"
    globals "^9.0.0"
    invariant "^2.2.0"
    lodash "^4.2.0"

babel-types@^6.25.0:
  version "6.25.0"
  resolved "https://registry.yarnpkg.com/babel-types/-/babel-types-6.25.0.tgz#70afb248d5660e5d18f811d91c8303b54134a18e"
  dependencies:
    babel-runtime "^6.22.0"
    esutils "^2.0.2"
    lodash "^4.2.0"
    to-fast-properties "^1.0.1"

babylon@^6.17.2:
  version "6.17.4"
  resolved "https://registry.yarnpkg.com/babylon/-/babylon-6.17.4.tgz#3e8b7402b88d22c3423e137a1577883b15ff869a"

chalk@^1.1.0:
  version "1.1.3"
  resolved "https://registry.yarnpkg.com/chalk/-/chalk-1.1.3.tgz#a8115c55e4a702fe4d150abd3872822a7e09fc98"
  dependencies:
    ansi-styles "^2.2.1"
    escape-string-regexp "^1.0.2"
    has-ansi "^2.0.0"
    strip-ansi "^3.0.0"
    supports-color "^2.0.0"

classnames@^2.2.5:
  version "2.2.5"
  resolved "https://registry.yarnpkg.com/classnames/-/classnames-2.2.5.tgz#fb3801d453467649ef3603c7d61a02bd129bde6d"

clipboard@^1.5.5:
  version "1.6.1"
  resolved "https://registry.yarnpkg.com/clipboard/-/clipboard-1.6.1.tgz#65c5b654812466b0faab82dc6ba0f1d2f8e4be53"
  dependencies:
    good-listener "^1.2.0"
    select "^1.1.2"
    tiny-emitter "^1.0.0"

collapse-white-space@1.0.3:
  version "1.0.3"
  resolved "https://registry.yarnpkg.com/collapse-white-space/-/collapse-white-space-1.0.3.tgz#4b906f670e5a963a87b76b0e1689643341b6023c"

core-js@^1.0.0:
  version "1.2.7"
  resolved "https://registry.yarnpkg.com/core-js/-/core-js-1.2.7.tgz#652294c14651db28fa93bd2d5ff2983a4f08c636"

core-js@^2.4.0:
  version "2.4.1"
  resolved "https://registry.yarnpkg.com/core-js/-/core-js-2.4.1.tgz#4de911e667b0eae9124e34254b53aea6fc618d3e"

core-js@^2.5.1:
  version "2.5.1"
  resolved "https://registry.yarnpkg.com/core-js/-/core-js-2.5.1.tgz#ae6874dc66937789b80754ff5428df66819ca50b"

debug@^2.2.0:
  version "2.6.8"
  resolved "https://registry.yarnpkg.com/debug/-/debug-2.6.8.tgz#e731531ca2ede27d188222427da17821d68ff4fc"
  dependencies:
    ms "2.0.0"

delegate@^3.1.2:
  version "3.1.2"
  resolved "https://registry.yarnpkg.com/delegate/-/delegate-3.1.2.tgz#1e1bc6f5cadda6cb6cbf7e6d05d0bcdd5712aebe"

dom-walk@^0.1.0:
  version "0.1.1"
  resolved "https://registry.yarnpkg.com/dom-walk/-/dom-walk-0.1.1.tgz#672226dc74c8f799ad35307df936aba11acd6018"

editions@^1.1.1:
  version "1.3.3"
  resolved "https://registry.yarnpkg.com/editions/-/editions-1.3.3.tgz#0907101bdda20fac3cbe334c27cbd0688dc99a5b"

encoding@^0.1.11:
  version "0.1.12"
  resolved "https://registry.yarnpkg.com/encoding/-/encoding-0.1.12.tgz#538b66f3ee62cd1ab51ec323829d1f9480c74beb"
  dependencies:
    iconv-lite "~0.4.13"

error-stack-parser@^1.3.6:
  version "1.3.6"
  resolved "https://registry.yarnpkg.com/error-stack-parser/-/error-stack-parser-1.3.6.tgz#e0e73b93e417138d1cd7c0b746b1a4a14854c292"
  dependencies:
    stackframe "^0.3.1"

escape-string-regexp@^1.0.2:
  version "1.0.5"
  resolved "https://registry.yarnpkg.com/escape-string-regexp/-/escape-string-regexp-1.0.5.tgz#1b61c0562190a8dff6ae3bb2cf0200ca130b86d4"

esutils@^2.0.2:
  version "2.0.2"
  resolved "https://registry.yarnpkg.com/esutils/-/esutils-2.0.2.tgz#0abf4f1caa5bcb1f7a9d8acc6dea4faaa04bac9b"

fbjs@^0.8.16:
  version "0.8.16"
  resolved "https://registry.yarnpkg.com/fbjs/-/fbjs-0.8.16.tgz#5e67432f550dc41b572bf55847b8aca64e5337db"
  dependencies:
    core-js "^1.0.0"
    isomorphic-fetch "^2.1.1"
    loose-envify "^1.0.0"
    object-assign "^4.1.0"
    promise "^7.1.1"
    setimmediate "^1.0.5"
    ua-parser-js "^0.7.9"

fbjs@^0.8.9:
  version "0.8.9"
  resolved "https://registry.yarnpkg.com/fbjs/-/fbjs-0.8.9.tgz#180247fbd347dcc9004517b904f865400a0c8f14"
  dependencies:
    core-js "^1.0.0"
    isomorphic-fetch "^2.1.1"
    loose-envify "^1.0.0"
    object-assign "^4.1.0"
    promise "^7.1.1"
    setimmediate "^1.0.5"
    ua-parser-js "^0.7.9"

get-own-enumerable-property-symbols@^2.0.1:
  version "2.0.1"
  resolved "https://registry.yarnpkg.com/get-own-enumerable-property-symbols/-/get-own-enumerable-property-symbols-2.0.1.tgz#5c4ad87f2834c4b9b4e84549dc1e0650fb38c24b"

global@^4.3.0:
  version "4.3.2"
  resolved "https://registry.yarnpkg.com/global/-/global-4.3.2.tgz#e76989268a6c74c38908b1305b10fc0e394e9d0f"
  dependencies:
    min-document "^2.19.0"
    process "~0.5.1"

globals@^9.0.0:
  version "9.18.0"
  resolved "https://registry.yarnpkg.com/globals/-/globals-9.18.0.tgz#aa3896b3e69b487f17e31ed2143d69a8e30c2d8a"

good-listener@^1.2.0:
  version "1.2.2"
  resolved "https://registry.yarnpkg.com/good-listener/-/good-listener-1.2.2.tgz#d53b30cdf9313dffb7dc9a0d477096aa6d145c50"
  dependencies:
    delegate "^3.1.2"

has-ansi@^2.0.0:
  version "2.0.0"
  resolved "https://registry.yarnpkg.com/has-ansi/-/has-ansi-2.0.0.tgz#34f5049ce1ecdf2b0649af3ef24e45ed35416d91"
  dependencies:
    ansi-regex "^2.0.0"

iconv-lite@~0.4.13:
  version "0.4.15"
  resolved "https://registry.yarnpkg.com/iconv-lite/-/iconv-lite-0.4.15.tgz#fe265a218ac6a57cfe854927e9d04c19825eddeb"

invariant@^2.2.0:
  version "2.2.2"
  resolved "https://registry.yarnpkg.com/invariant/-/invariant-2.2.2.tgz#9e1f56ac0acdb6bf303306f338be3b204ae60360"
  dependencies:
    loose-envify "^1.0.0"

is-obj@^1.0.1:
  version "1.0.1"
  resolved "https://registry.yarnpkg.com/is-obj/-/is-obj-1.0.1.tgz#3e4729ac1f5fde025cd7d83a896dab9f4f67db0f"

is-plain-object@2.0.4:
  version "2.0.4"
  resolved "https://registry.yarnpkg.com/is-plain-object/-/is-plain-object-2.0.4.tgz#2c163b3fafb1b606d9d17928f05c2a1c38e07677"
  dependencies:
    isobject "^3.0.1"

is-regexp@^1.0.0:
  version "1.0.0"
  resolved "https://registry.yarnpkg.com/is-regexp/-/is-regexp-1.0.0.tgz#fd2d883545c46bac5a633e7b9a09e87fa2cb5069"

is-stream@^1.0.1:
  version "1.1.0"
  resolved "https://registry.yarnpkg.com/is-stream/-/is-stream-1.1.0.tgz#12d4a3dd4e68e0b79ceb8dbc84173ae80d91ca44"

isobject@^3.0.1:
  version "3.0.1"
  resolved "https://registry.yarnpkg.com/isobject/-/isobject-3.0.1.tgz#4e431e92b11a9731636aa1f9c8d1ccbcfdab78df"

isomorphic-fetch@^2.1.1:
  version "2.2.1"
  resolved "https://registry.yarnpkg.com/isomorphic-fetch/-/isomorphic-fetch-2.2.1.tgz#611ae1acf14f5e81f729507472819fe9733558a9"
  dependencies:
    node-fetch "^1.0.1"
    whatwg-fetch ">=0.10.0"

js-tokens@^3.0.0:
  version "3.0.1"
  resolved "https://registry.yarnpkg.com/js-tokens/-/js-tokens-3.0.1.tgz#08e9f132484a2c45a30907e9dc4d5567b7f114d7"

lodash@4.17.4, lodash@^4.17.4, lodash@^4.2.0, lodash@^4.6.1:
  version "4.17.4"
  resolved "https://registry.yarnpkg.com/lodash/-/lodash-4.17.4.tgz#78203a4d1c328ae1d86dca6460e369b57f4055ae"

loose-envify@^1.0.0, loose-envify@^1.1.0, loose-envify@^1.3.1:
  version "1.3.1"
  resolved "https://registry.yarnpkg.com/loose-envify/-/loose-envify-1.3.1.tgz#d1a8ad33fa9ce0e713d65fdd0ac8b748d478c848"
  dependencies:
    js-tokens "^3.0.0"

min-document@^2.19.0:
  version "2.19.0"
  resolved "https://registry.yarnpkg.com/min-document/-/min-document-2.19.0.tgz#7bd282e3f5842ed295bb748cdd9f1ffa2c824685"
  dependencies:
    dom-walk "^0.1.0"

ms@2.0.0:
  version "2.0.0"
  resolved "https://registry.yarnpkg.com/ms/-/ms-2.0.0.tgz#5608aeadfc00be6c2901df5f9861788de0d597c8"

node-fetch@^1.0.1:
  version "1.6.3"
  resolved "https://registry.yarnpkg.com/node-fetch/-/node-fetch-1.6.3.tgz#dc234edd6489982d58e8f0db4f695029abcd8c04"
  dependencies:
    encoding "^0.1.11"
    is-stream "^1.0.1"

object-assign@^4.0.1, object-assign@^4.1.0, object-assign@^4.1.1:
  version "4.1.1"
  resolved "https://registry.yarnpkg.com/object-assign/-/object-assign-4.1.1.tgz#2109adc7965887cfc05cbbd442cac8bfbb360863"

prismjs@^1.8.1:
  version "1.8.1"
  resolved "https://registry.yarnpkg.com/prismjs/-/prismjs-1.8.1.tgz#bd0cdc32e9a561c1c8c3c9733765a7f1ec3b54ee"
  optionalDependencies:
    clipboard "^1.5.5"

process@~0.5.1:
  version "0.5.2"
  resolved "https://registry.yarnpkg.com/process/-/process-0.5.2.tgz#1638d8a8e34c2f440a91db95ab9aeb677fc185cf"

promise@^7.1.1:
  version "7.1.1"
  resolved "https://registry.yarnpkg.com/promise/-/promise-7.1.1.tgz#489654c692616b8aa55b0724fa809bb7db49c5bf"
  dependencies:
    asap "~2.0.3"

prop-types@^15.5.4:
  version "15.5.10"
  resolved "https://registry.yarnpkg.com/prop-types/-/prop-types-15.5.10.tgz#2797dfc3126182e3a95e3dfbb2e893ddd7456154"
  dependencies:
    fbjs "^0.8.9"
    loose-envify "^1.3.1"

prop-types@^15.6.0:
  version "15.6.0"
  resolved "https://registry.yarnpkg.com/prop-types/-/prop-types-15.6.0.tgz#ceaf083022fc46b4a35f69e13ef75aed0d639856"
  dependencies:
    fbjs "^0.8.16"
    loose-envify "^1.3.1"
    object-assign "^4.1.1"

react-deep-force-update@^2.1.1:
  version "2.1.1"
  resolved "https://registry.yarnpkg.com/react-deep-force-update/-/react-deep-force-update-2.1.1.tgz#8ea4263cd6455a050b37445b3f08fd839d86e909"

react-dom@^16.0.0:
  version "16.0.0"
  resolved "https://registry.yarnpkg.com/react-dom/-/react-dom-16.0.0.tgz#9cc3079c3dcd70d4c6e01b84aab2a7e34c303f58"
  dependencies:
    fbjs "^0.8.16"
    loose-envify "^1.1.0"
    object-assign "^4.1.1"
    prop-types "^15.6.0"

react-element-to-jsx-string@^13.0.0:
  version "13.0.0"
  resolved "https://registry.yarnpkg.com/react-element-to-jsx-string/-/react-element-to-jsx-string-13.0.0.tgz#5c6c90883ac172acd69ed3d664ba17ea648db0df"
  dependencies:
    collapse-white-space "1.0.3"
    is-plain-object "2.0.4"
    lodash "4.17.4"
    sortobject "1.1.1"
    stringify-object "3.2.1"

react-hot-loader@^3.0.0:
  version "3.0.0"
  resolved "https://registry.yarnpkg.com/react-hot-loader/-/react-hot-loader-3.0.0.tgz#6e28da9d459da8085f5ee8bdd775046ba4b5cd0b"
  dependencies:
    babel-template "^6.7.0"
    global "^4.3.0"
    react-deep-force-update "^2.1.1"
    react-proxy "^3.0.0-alpha.0"
    redbox-react "^1.3.6"
    source-map "^0.6.1"

react-proxy@^3.0.0-alpha.0:
  version "3.0.0-alpha.1"
  resolved "https://registry.yarnpkg.com/react-proxy/-/react-proxy-3.0.0-alpha.1.tgz#4400426bcfa80caa6724c7755695315209fa4b07"
  dependencies:
    lodash "^4.6.1"

react@^16.0.0:
  version "16.0.0"
  resolved "https://registry.yarnpkg.com/react/-/react-16.0.0.tgz#ce7df8f1941b036f02b2cca9dbd0cb1f0e855e2d"
  dependencies:
    fbjs "^0.8.16"
    loose-envify "^1.1.0"
    object-assign "^4.1.1"
    prop-types "^15.6.0"

redbox-react@^1.3.6:
  version "1.4.2"
  resolved "https://registry.yarnpkg.com/redbox-react/-/redbox-react-1.4.2.tgz#7fe35d3c567301e97938cc7fd6a10918f424c6b4"
  dependencies:
    error-stack-parser "^1.3.6"
    object-assign "^4.0.1"
    prop-types "^15.5.4"
    sourcemapped-stacktrace "^1.1.6"

regenerator-runtime@^0.10.0:
  version "0.10.5"
  resolved "https://registry.yarnpkg.com/regenerator-runtime/-/regenerator-runtime-0.10.5.tgz#336c3efc1220adcedda2c9fab67b5a7955a33658"

select@^1.1.2:
  version "1.1.2"
  resolved "https://registry.yarnpkg.com/select/-/select-1.1.2.tgz#0e7350acdec80b1108528786ec1d4418d11b396d"

setimmediate@^1.0.5:
  version "1.0.5"
  resolved "https://registry.yarnpkg.com/setimmediate/-/setimmediate-1.0.5.tgz#290cbb232e306942d7d7ea9b83732ab7856f8285"

sortobject@1.1.1:
  version "1.1.1"
  resolved "https://registry.yarnpkg.com/sortobject/-/sortobject-1.1.1.tgz#4f695d4d44ed0a4c06482c34c2582a2dcdc2ab34"
  dependencies:
    editions "^1.1.1"

source-map@0.5.6:
  version "0.5.6"
  resolved "https://registry.yarnpkg.com/source-map/-/source-map-0.5.6.tgz#75ce38f52bf0733c5a7f0c118d81334a2bb5f412"

source-map@^0.6.1:
  version "0.6.1"
  resolved "https://registry.yarnpkg.com/source-map/-/source-map-0.6.1.tgz#74722af32e9614e9c287a8d0bbde48b5e2f1a263"

sourcemapped-stacktrace@^1.1.6:
  version "1.1.6"
  resolved "https://registry.yarnpkg.com/sourcemapped-stacktrace/-/sourcemapped-stacktrace-1.1.6.tgz#112d8749c942c3cd3b630dfac9514577b86a3a51"
  dependencies:
    source-map "0.5.6"

stackframe@^0.3.1:
  version "0.3.1"
  resolved "https://registry.yarnpkg.com/stackframe/-/stackframe-0.3.1.tgz#33aa84f1177a5548c8935533cbfeb3420975f5a4"

stringify-object@3.2.1:
  version "3.2.1"
  resolved "https://registry.yarnpkg.com/stringify-object/-/stringify-object-3.2.1.tgz#2720c2eff940854c819f6ee252aaeb581f30624d"
  dependencies:
    get-own-enumerable-property-symbols "^2.0.1"
    is-obj "^1.0.1"
    is-regexp "^1.0.0"

strip-ansi@^3.0.0:
  version "3.0.1"
  resolved "https://registry.yarnpkg.com/strip-ansi/-/strip-ansi-3.0.1.tgz#6a385fb8853d952d5ff05d0e8aaf94278dc63dcf"
  dependencies:
    ansi-regex "^2.0.0"

supports-color@^2.0.0:
  version "2.0.0"
  resolved "https://registry.yarnpkg.com/supports-color/-/supports-color-2.0.0.tgz#535d045ce6b6363fa40117084629995e9df324c7"

tiny-emitter@^1.0.0:
  version "1.1.0"
  resolved "https://registry.yarnpkg.com/tiny-emitter/-/tiny-emitter-1.1.0.tgz#ab405a21ffed814a76c19739648093d70654fecb"

to-fast-properties@^1.0.1:
  version "1.0.3"
  resolved "https://registry.yarnpkg.com/to-fast-properties/-/to-fast-properties-1.0.3.tgz#b83571fa4d8c25b82e231b06e3a3055de4ca1a47"

ua-parser-js@^0.7.9:
  version "0.7.12"
  resolved "https://registry.yarnpkg.com/ua-parser-js/-/ua-parser-js-0.7.12.tgz#04c81a99bdd5dc52263ea29d24c6bf8d4818a4bb"

whatwg-fetch@>=0.10.0:
  version "2.0.2"
  resolved "https://registry.yarnpkg.com/whatwg-fetch/-/whatwg-fetch-2.0.2.tgz#fe294d1d89e36c5be8b3195057f2e4bc74fc980e"
