# THIS IS AN AUTOGENERATED FILE. DO NOT EDIT THIS FILE DIRECTLY.
# yarn lockfile v1


classnames@^2.2.5:
  version "2.2.5"
  resolved "https://registry.yarnpkg.com/classnames/-/classnames-2.2.5.tgz#fb3801d453467649ef3603c7d61a02bd129bde6d"

core-js@^2.5.3:
  version "2.5.3"
  resolved "https://registry.yarnpkg.com/core-js/-/core-js-2.5.3.tgz#8acc38345824f16d8365b7c9b4259168e8ed603e"

downshift@^1.28.2:
  version "1.28.2"
  resolved "https://registry.yarnpkg.com/downshift/-/downshift-1.28.2.tgz#ff5b4e89ff439943a8e58890993015199604e1e6"

ev-emitter@^1.1.1:
  version "1.1.1"
  resolved "https://registry.yarnpkg.com/ev-emitter/-/ev-emitter-1.1.1.tgz#8f18b0ce5c76a5d18017f71c0a795c65b9138f2a"

focus-trap-react@^3.0.4:
  version "3.0.5"
  resolved "https://registry.yarnpkg.com/focus-trap-react/-/focus-trap-react-3.0.5.tgz#8fb381b92eafe075c2406297d1da618650d37143"
  dependencies:
    focus-trap "^2.0.1"

focus-trap@^2.0.1:
  version "2.3.1"
  resolved "https://registry.yarnpkg.com/focus-trap/-/focus-trap-2.3.1.tgz#f4fb86cfe6da38dc652b373e9f42ba476eab1c14"
  dependencies:
    tabbable "^1.0.3"

lodash.chunk@^4.2.0:
  version "4.2.0"
  resolved "https://registry.yarnpkg.com/lodash.chunk/-/lodash.chunk-4.2.0.tgz#66e5ce1f76ed27b4303d8c6512e8d1216e8106bc"

lodash.uniqueid@^4.0.1:
  version "4.0.1"
  resolved "https://registry.yarnpkg.com/lodash.uniqueid/-/lodash.uniqueid-4.0.1.tgz#3268f26a7c88e4f4b1758d679271814e31fa5b26"

no-scroll@^2.0.0:
  version "2.1.0"
  resolved "https://registry.yarnpkg.com/no-scroll/-/no-scroll-2.1.0.tgz#f8643b3ddb6a3bf94430e5ff31d26f21d082a695"

react-aria-modal@^2.11.1:
  version "2.11.1"
  resolved "https://registry.yarnpkg.com/react-aria-modal/-/react-aria-modal-2.11.1.tgz#b82769f369223f634989728694c9eecacb0a8529"
  dependencies:
    focus-trap-react "^3.0.4"
    no-scroll "^2.0.0"
    react-displace "^2.3.0"

react-displace@^2.3.0:
  version "2.3.0"
  resolved "https://registry.yarnpkg.com/react-displace/-/react-displace-2.3.0.tgz#6915f8f2f279a29a7b58442405c26edc3d441429"

tabbable@^1.0.3:
  version "1.1.1"
  resolved "https://registry.yarnpkg.com/tabbable/-/tabbable-1.1.1.tgz#88618caa0dc76e877572a678f0ad97519bba6761"
