# THIS IS AN AUTOGENERATED FILE. DO NOT EDIT THIS FILE DIRECTLY.
# yarn lockfile v1


"@babel/helper-module-imports@7.0.0-beta.32":
  version "7.0.0-beta.32"
  resolved "https://registry.yarnpkg.com/@babel/helper-module-imports/-/helper-module-imports-7.0.0-beta.32.tgz#8126fc024107c226879841b973677a4f4e510a03"
  dependencies:
    "@babel/types" "7.0.0-beta.32"
    lodash "^4.2.0"

"@babel/types@7.0.0-beta.32":
  version "7.0.0-beta.32"
  resolved "https://registry.yarnpkg.com/@babel/types/-/types-7.0.0-beta.32.tgz#c317d0ecc89297b80bbcb2f50608e31f6452a5ff"
  dependencies:
    esutils "^2.0.2"
    lodash "^4.2.0"
    to-fast-properties "^2.0.0"

"@cmsgov/design-system-support@^1.19.1":
  version "1.21.0"
  resolved "https://registry.yarnpkg.com/@cmsgov/design-system-support/-/design-system-support-1.21.0.tgz#5acc3d6676b93f512c69d6597b9ec3550491d7e0"
  dependencies:
    uswds "1.3.1"

"@types/node@^8.0.14":
  version "8.10.9"
  resolved "https://registry.yarnpkg.com/@types/node/-/node-8.10.9.tgz#b507a74a7d3eddc74a17dc35fd40d8f45dde0d6c"

JSONStream@^1.0.3:
  version "1.3.2"
  resolved "https://registry.yarnpkg.com/JSONStream/-/JSONStream-1.3.2.tgz#c102371b6ec3a7cf3b847ca00c20bb0fce4c6dea"
  dependencies:
    jsonparse "^1.2.0"
    through ">=2.2.7 <3"

abbrev@1:
  version "1.1.1"
  resolved "https://registry.yarnpkg.com/abbrev/-/abbrev-1.1.1.tgz#f8f2c887ad10bf67f634f005b6987fed3179aac8"

acorn-node@^1.2.0:
  version "1.3.0"
  resolved "https://registry.yarnpkg.com/acorn-node/-/acorn-node-1.3.0.tgz#5f86d73346743810ef1269b901dbcbded020861b"
  dependencies:
    acorn "^5.4.1"
    xtend "^4.0.1"

acorn@^4.0.3:
  version "4.0.13"
  resolved "https://registry.yarnpkg.com/acorn/-/acorn-4.0.13.tgz#105495ae5361d697bd195c825192e1ad7f253787"

acorn@^5.2.1, acorn@^5.4.1:
  version "5.5.3"
  resolved "https://registry.yarnpkg.com/acorn/-/acorn-5.5.3.tgz#f473dd47e0277a08e28e9bec5aeeb04751f0b8c9"

argparse@^1.0.7:
  version "1.0.10"
  resolved "https://registry.yarnpkg.com/argparse/-/argparse-1.0.10.tgz#bcd6791ea5ae09725e17e5ad988134cd40b3d911"
  dependencies:
    sprintf-js "~1.0.2"

array-filter@^1.0.0:
  version "1.0.0"
  resolved "https://registry.yarnpkg.com/array-filter/-/array-filter-1.0.0.tgz#baf79e62e6ef4c2a4c0b831232daffec251f9d83"

array-filter@~0.0.0:
  version "0.0.1"
  resolved "https://registry.yarnpkg.com/array-filter/-/array-filter-0.0.1.tgz#7da8cf2e26628ed732803581fd21f67cacd2eeec"

array-foreach@^1.0.2:
  version "1.0.2"
  resolved "https://registry.yarnpkg.com/array-foreach/-/array-foreach-1.0.2.tgz#cd36e42f0f482108c406b35c3612a8970b2fccea"

array-map@~0.0.0:
  version "0.0.0"
  resolved "https://registry.yarnpkg.com/array-map/-/array-map-0.0.0.tgz#88a2bab73d1cf7bcd5c1b118a003f66f665fa662"

array-reduce@~0.0.0:
  version "0.0.0"
  resolved "https://registry.yarnpkg.com/array-reduce/-/array-reduce-0.0.0.tgz#173899d3ffd1c7d9383e4479525dbe278cab5f2b"

asn1.js@^4.0.0:
  version "4.10.1"
  resolved "https://registry.yarnpkg.com/asn1.js/-/asn1.js-4.10.1.tgz#b9c2bf5805f1e64aadeed6df3a2bfafb5a73f5a0"
  dependencies:
    bn.js "^4.0.0"
    inherits "^2.0.1"
    minimalistic-assert "^1.0.0"

assert@^1.4.0:
  version "1.4.1"
  resolved "https://registry.yarnpkg.com/assert/-/assert-1.4.1.tgz#99912d591836b5a6f5b345c0f07eefc08fc65d91"
  dependencies:
    util "0.10.3"

astw@^2.0.0:
  version "2.2.0"
  resolved "https://registry.yarnpkg.com/astw/-/astw-2.2.0.tgz#7bd41784d32493987aeb239b6b4e1c57a873b917"
  dependencies:
    acorn "^4.0.3"

babel-plugin-emotion@^9.0.1:
  version "9.0.1"
  resolved "https://registry.yarnpkg.com/babel-plugin-emotion/-/babel-plugin-emotion-9.0.1.tgz#1c1ec14a5d6f40c64bd68e805f074fea60a580a7"
  dependencies:
    "@babel/helper-module-imports" "7.0.0-beta.32"
    babel-plugin-macros "^2.0.0"
    babel-plugin-syntax-jsx "^6.18.0"
    convert-source-map "^1.5.0"
    emotion-utils "^9.0.1"
    find-root "^1.1.0"
    source-map "^0.5.7"
    touch "^1.0.0"

babel-plugin-macros@^2.0.0:
  version "2.2.0"
  resolved "https://registry.yarnpkg.com/babel-plugin-macros/-/babel-plugin-macros-2.2.0.tgz#31fc16748d6480697a517f692dc4421cb7bff0cc"
  dependencies:
    cosmiconfig "^4.0.0"

babel-plugin-syntax-jsx@^6.18.0:
  version "6.18.0"
  resolved "https://registry.yarnpkg.com/babel-plugin-syntax-jsx/-/babel-plugin-syntax-jsx-6.18.0.tgz#0af32a9a6e13ca7a3fd5069e62d7b0f58d0d8946"

balanced-match@^1.0.0:
  version "1.0.0"
  resolved "https://registry.yarnpkg.com/balanced-match/-/balanced-match-1.0.0.tgz#89b4d199ab2bee49de164ea02b89ce462d71b767"

base64-js@^1.0.2:
  version "1.3.0"
  resolved "https://registry.yarnpkg.com/base64-js/-/base64-js-1.3.0.tgz#cab1e6118f051095e58b5281aea8c1cd22bfc0e3"

bn.js@^4.0.0, bn.js@^4.1.0, bn.js@^4.1.1, bn.js@^4.4.0:
  version "4.11.8"
  resolved "https://registry.yarnpkg.com/bn.js/-/bn.js-4.11.8.tgz#2cde09eb5ee341f484746bb0309b3253b1b1442f"

brace-expansion@^1.1.7:
  version "1.1.11"
  resolved "https://registry.yarnpkg.com/brace-expansion/-/brace-expansion-1.1.11.tgz#3c7fcbf529d87226f3d2f52b966ff5271eb441dd"
  dependencies:
    balanced-match "^1.0.0"
    concat-map "0.0.1"

brorand@^1.0.1:
  version "1.1.0"
  resolved "https://registry.yarnpkg.com/brorand/-/brorand-1.1.0.tgz#12c25efe40a45e3c323eb8675a0a0ce57b22371f"

browser-pack@^6.0.1:
  version "6.1.0"
  resolved "https://registry.yarnpkg.com/browser-pack/-/browser-pack-6.1.0.tgz#c34ba10d0b9ce162b5af227c7131c92c2ecd5774"
  dependencies:
    JSONStream "^1.0.3"
    combine-source-map "~0.8.0"
    defined "^1.0.0"
    safe-buffer "^5.1.1"
    through2 "^2.0.0"
    umd "^3.0.0"

browser-resolve@^1.11.0, browser-resolve@^1.7.0:
  version "1.11.2"
  resolved "https://registry.yarnpkg.com/browser-resolve/-/browser-resolve-1.11.2.tgz#8ff09b0a2c421718a1051c260b32e48f442938ce"
  dependencies:
    resolve "1.1.7"

browserify-aes@^1.0.0, browserify-aes@^1.0.4:
  version "1.2.0"
  resolved "https://registry.yarnpkg.com/browserify-aes/-/browserify-aes-1.2.0.tgz#326734642f403dabc3003209853bb70ad428ef48"
  dependencies:
    buffer-xor "^1.0.3"
    cipher-base "^1.0.0"
    create-hash "^1.1.0"
    evp_bytestokey "^1.0.3"
    inherits "^2.0.1"
    safe-buffer "^5.0.1"

browserify-cipher@^1.0.0:
  version "1.0.1"
  resolved "https://registry.yarnpkg.com/browserify-cipher/-/browserify-cipher-1.0.1.tgz#8d6474c1b870bfdabcd3bcfcc1934a10e94f15f0"
  dependencies:
    browserify-aes "^1.0.4"
    browserify-des "^1.0.0"
    evp_bytestokey "^1.0.0"

browserify-des@^1.0.0:
  version "1.0.1"
  resolved "https://registry.yarnpkg.com/browserify-des/-/browserify-des-1.0.1.tgz#3343124db6d7ad53e26a8826318712bdc8450f9c"
  dependencies:
    cipher-base "^1.0.1"
    des.js "^1.0.0"
    inherits "^2.0.1"

browserify-rsa@^4.0.0:
  version "4.0.1"
  resolved "https://registry.yarnpkg.com/browserify-rsa/-/browserify-rsa-4.0.1.tgz#21e0abfaf6f2029cf2fafb133567a701d4135524"
  dependencies:
    bn.js "^4.1.0"
    randombytes "^2.0.1"

browserify-sign@^4.0.0:
  version "4.0.4"
  resolved "https://registry.yarnpkg.com/browserify-sign/-/browserify-sign-4.0.4.tgz#aa4eb68e5d7b658baa6bf6a57e630cbd7a93d298"
  dependencies:
    bn.js "^4.1.1"
    browserify-rsa "^4.0.0"
    create-hash "^1.1.0"
    create-hmac "^1.1.2"
    elliptic "^6.0.0"
    inherits "^2.0.1"
    parse-asn1 "^5.0.0"

browserify-zlib@~0.1.2:
  version "0.1.4"
  resolved "https://registry.yarnpkg.com/browserify-zlib/-/browserify-zlib-0.1.4.tgz#bb35f8a519f600e0fa6b8485241c979d0141fb2d"
  dependencies:
    pako "~0.2.0"

browserify@^13.0.0:
  version "13.3.0"
  resolved "https://registry.yarnpkg.com/browserify/-/browserify-13.3.0.tgz#b5a9c9020243f0c70e4675bec8223bc627e415ce"
  dependencies:
    JSONStream "^1.0.3"
    assert "^1.4.0"
    browser-pack "^6.0.1"
    browser-resolve "^1.11.0"
    browserify-zlib "~0.1.2"
    buffer "^4.1.0"
    cached-path-relative "^1.0.0"
    concat-stream "~1.5.1"
    console-browserify "^1.1.0"
    constants-browserify "~1.0.0"
    crypto-browserify "^3.0.0"
    defined "^1.0.0"
    deps-sort "^2.0.0"
    domain-browser "~1.1.0"
    duplexer2 "~0.1.2"
    events "~1.1.0"
    glob "^7.1.0"
    has "^1.0.0"
    htmlescape "^1.1.0"
    https-browserify "~0.0.0"
    inherits "~2.0.1"
    insert-module-globals "^7.0.0"
    labeled-stream-splicer "^2.0.0"
    module-deps "^4.0.8"
    os-browserify "~0.1.1"
    parents "^1.0.1"
    path-browserify "~0.0.0"
    process "~0.11.0"
    punycode "^1.3.2"
    querystring-es3 "~0.2.0"
    read-only-stream "^2.0.0"
    readable-stream "^2.0.2"
    resolve "^1.1.4"
    shasum "^1.0.0"
    shell-quote "^1.6.1"
    stream-browserify "^2.0.0"
    stream-http "^2.0.0"
    string_decoder "~0.10.0"
    subarg "^1.0.0"
    syntax-error "^1.1.1"
    through2 "^2.0.0"
    timers-browserify "^1.0.1"
    tty-browserify "~0.0.0"
    url "~0.11.0"
    util "~0.10.1"
    vm-browserify "~0.0.1"
    xtend "^4.0.0"

buffer-from@^1.0.0:
  version "1.0.0"
  resolved "https://registry.yarnpkg.com/buffer-from/-/buffer-from-1.0.0.tgz#4cb8832d23612589b0406e9e2956c17f06fdf531"

buffer-xor@^1.0.3:
  version "1.0.3"
  resolved "https://registry.yarnpkg.com/buffer-xor/-/buffer-xor-1.0.3.tgz#26e61ed1422fb70dd42e6e36729ed51d855fe8d9"

buffer@^4.1.0:
  version "4.9.1"
  resolved "https://registry.yarnpkg.com/buffer/-/buffer-4.9.1.tgz#6d1bb601b07a4efced97094132093027c95bc298"
  dependencies:
    base64-js "^1.0.2"
    ieee754 "^1.1.4"
    isarray "^1.0.0"

builtin-status-codes@^3.0.0:
  version "3.0.0"
  resolved "https://registry.yarnpkg.com/builtin-status-codes/-/builtin-status-codes-3.0.0.tgz#85982878e21b98e1c66425e03d0174788f569ee8"

cached-path-relative@^1.0.0:
  version "1.0.1"
  resolved "https://registry.yarnpkg.com/cached-path-relative/-/cached-path-relative-1.0.1.tgz#d09c4b52800aa4c078e2dd81a869aac90d2e54e7"

cipher-base@^1.0.0, cipher-base@^1.0.1, cipher-base@^1.0.3:
  version "1.0.4"
  resolved "https://registry.yarnpkg.com/cipher-base/-/cipher-base-1.0.4.tgz#8760e4ecc272f4c363532f926d874aae2c1397de"
  dependencies:
    inherits "^2.0.1"
    safe-buffer "^5.0.1"

classlist-polyfill@^1.0.3:
  version "1.2.0"
  resolved "https://registry.yarnpkg.com/classlist-polyfill/-/classlist-polyfill-1.2.0.tgz#935bc2dfd9458a876b279617514638bcaa964a2e"

classnames@^2.2.5:
  version "2.2.5"
  resolved "https://registry.yarnpkg.com/classnames/-/classnames-2.2.5.tgz#fb3801d453467649ef3603c7d61a02bd129bde6d"

colorutilities@^0.0.2:
  version "0.0.2"
  resolved "https://registry.yarnpkg.com/colorutilities/-/colorutilities-0.0.2.tgz#59456b68febfb949c8fcd49a0207a8ba5f9cca5c"

combine-source-map@^0.8.0, combine-source-map@~0.8.0:
  version "0.8.0"
  resolved "https://registry.yarnpkg.com/combine-source-map/-/combine-source-map-0.8.0.tgz#a58d0df042c186fcf822a8e8015f5450d2d79a8b"
  dependencies:
    convert-source-map "~1.1.0"
    inline-source-map "~0.6.0"
    lodash.memoize "~3.0.3"
    source-map "~0.5.3"

concat-map@0.0.1:
  version "0.0.1"
  resolved "https://registry.yarnpkg.com/concat-map/-/concat-map-0.0.1.tgz#d8a96bd77fd68df7793a73036a3ba0d5405d477b"

concat-stream@^1.6.1:
  version "1.6.2"
  resolved "https://registry.yarnpkg.com/concat-stream/-/concat-stream-1.6.2.tgz#904bdf194cd3122fc675c77fc4ac3d4ff0fd1a34"
  dependencies:
    buffer-from "^1.0.0"
    inherits "^2.0.3"
    readable-stream "^2.2.2"
    typedarray "^0.0.6"

concat-stream@~1.5.0, concat-stream@~1.5.1:
  version "1.5.2"
  resolved "https://registry.yarnpkg.com/concat-stream/-/concat-stream-1.5.2.tgz#708978624d856af41a5a741defdd261da752c266"
  dependencies:
    inherits "~2.0.1"
    readable-stream "~2.0.0"
    typedarray "~0.0.5"

console-browserify@^1.1.0:
  version "1.1.0"
  resolved "https://registry.yarnpkg.com/console-browserify/-/console-browserify-1.1.0.tgz#f0241c45730a9fc6323b206dbf38edc741d0bb10"
  dependencies:
    date-now "^0.1.4"

constants-browserify@~1.0.0:
  version "1.0.0"
  resolved "https://registry.yarnpkg.com/constants-browserify/-/constants-browserify-1.0.0.tgz#c20b96d8c617748aaf1c16021760cd27fcb8cb75"

convert-source-map@^1.5.0:
  version "1.5.1"
  resolved "https://registry.yarnpkg.com/convert-source-map/-/convert-source-map-1.5.1.tgz#b8278097b9bc229365de5c62cf5fcaed8b5599e5"

convert-source-map@~1.1.0:
  version "1.1.3"
  resolved "https://registry.yarnpkg.com/convert-source-map/-/convert-source-map-1.1.3.tgz#4829c877e9fe49b3161f3bf3673888e204699860"

core-js@^2.5.3:
  version "2.5.3"
  resolved "https://registry.yarnpkg.com/core-js/-/core-js-2.5.3.tgz#8acc38345824f16d8365b7c9b4259168e8ed603e"

core-util-is@~1.0.0:
  version "1.0.2"
  resolved "https://registry.yarnpkg.com/core-util-is/-/core-util-is-1.0.2.tgz#b5fd54220aa2bc5ab57aab7140c940754503c1a7"

cosmiconfig@^4.0.0:
  version "4.0.0"
  resolved "https://registry.yarnpkg.com/cosmiconfig/-/cosmiconfig-4.0.0.tgz#760391549580bbd2df1e562bc177b13c290972dc"
  dependencies:
    is-directory "^0.3.1"
    js-yaml "^3.9.0"
    parse-json "^4.0.0"
    require-from-string "^2.0.1"

create-ecdh@^4.0.0:
  version "4.0.1"
  resolved "https://registry.yarnpkg.com/create-ecdh/-/create-ecdh-4.0.1.tgz#44223dfed533193ba5ba54e0df5709b89acf1f82"
  dependencies:
    bn.js "^4.1.0"
    elliptic "^6.0.0"

create-emotion-styled@^9.0.1:
  version "9.0.1"
  resolved "https://registry.yarnpkg.com/create-emotion-styled/-/create-emotion-styled-9.0.1.tgz#70be09fcd0735ec88459ffbfc8128eb3f5690341"
  dependencies:
    emotion-utils "^9.0.1"

create-emotion@^9.0.2:
  version "9.0.2"
  resolved "https://registry.yarnpkg.com/create-emotion/-/create-emotion-9.0.2.tgz#a8680b9f02f736112b68b9e9b47401dfbb4d9260"
  dependencies:
    emotion-utils "^9.0.1"
    stylis "^3.3.2"
    stylis-rule-sheet "^0.0.5"

create-hash@^1.1.0, create-hash@^1.1.2:
  version "1.2.0"
  resolved "https://registry.yarnpkg.com/create-hash/-/create-hash-1.2.0.tgz#889078af11a63756bcfb59bd221996be3a9ef196"
  dependencies:
    cipher-base "^1.0.1"
    inherits "^2.0.1"
    md5.js "^1.3.4"
    ripemd160 "^2.0.1"
    sha.js "^2.4.0"

create-hmac@^1.1.0, create-hmac@^1.1.2, create-hmac@^1.1.4:
  version "1.1.7"
  resolved "https://registry.yarnpkg.com/create-hmac/-/create-hmac-1.1.7.tgz#69170c78b3ab957147b2b8b04572e47ead2243ff"
  dependencies:
    cipher-base "^1.0.3"
    create-hash "^1.1.0"
    inherits "^2.0.1"
    ripemd160 "^2.0.0"
    safe-buffer "^5.0.1"
    sha.js "^2.4.8"

crypto-browserify@^3.0.0:
  version "3.12.0"
  resolved "https://registry.yarnpkg.com/crypto-browserify/-/crypto-browserify-3.12.0.tgz#396cf9f3137f03e4b8e532c58f698254e00f80ec"
  dependencies:
    browserify-cipher "^1.0.0"
    browserify-sign "^4.0.0"
    create-ecdh "^4.0.0"
    create-hash "^1.1.0"
    create-hmac "^1.1.0"
    diffie-hellman "^5.0.0"
    inherits "^2.0.1"
    pbkdf2 "^3.0.3"
    public-encrypt "^4.0.0"
    randombytes "^2.0.0"
    randomfill "^1.0.3"

date-now@^0.1.4:
  version "0.1.4"
  resolved "https://registry.yarnpkg.com/date-now/-/date-now-0.1.4.tgz#eaf439fd4d4848ad74e5cc7dbef200672b9e345b"

defined@^1.0.0:
  version "1.0.0"
  resolved "https://registry.yarnpkg.com/defined/-/defined-1.0.0.tgz#c98d9bcef75674188e110969151199e39b1fa693"

deps-sort@^2.0.0:
  version "2.0.0"
  resolved "https://registry.yarnpkg.com/deps-sort/-/deps-sort-2.0.0.tgz#091724902e84658260eb910748cccd1af6e21fb5"
  dependencies:
    JSONStream "^1.0.3"
    shasum "^1.0.0"
    subarg "^1.0.0"
    through2 "^2.0.0"

des.js@^1.0.0:
  version "1.0.0"
  resolved "https://registry.yarnpkg.com/des.js/-/des.js-1.0.0.tgz#c074d2e2aa6a8a9a07dbd61f9a15c2cd83ec8ecc"
  dependencies:
    inherits "^2.0.1"
    minimalistic-assert "^1.0.0"

detective@^4.0.0:
  version "4.7.1"
  resolved "https://registry.yarnpkg.com/detective/-/detective-4.7.1.tgz#0eca7314338442febb6d65da54c10bb1c82b246e"
  dependencies:
    acorn "^5.2.1"
    defined "^1.0.0"

diffie-hellman@^5.0.0:
  version "5.0.3"
  resolved "https://registry.yarnpkg.com/diffie-hellman/-/diffie-hellman-5.0.3.tgz#40e8ee98f55a2149607146921c63e1ae5f3d2875"
  dependencies:
    bn.js "^4.1.0"
    miller-rabin "^4.0.0"
    randombytes "^2.0.0"

domain-browser@~1.1.0:
  version "1.1.7"
  resolved "https://registry.yarnpkg.com/domain-browser/-/domain-browser-1.1.7.tgz#867aa4b093faa05f1de08c06f4d7b21fdf8698bc"

domready@^1.0.8:
  version "1.0.8"
  resolved "https://registry.yarnpkg.com/domready/-/domready-1.0.8.tgz#91f252e597b65af77e745ae24dd0185d5e26d58c"

downshift@^1.28.2:
  version "1.28.2"
  resolved "https://registry.yarnpkg.com/downshift/-/downshift-1.28.2.tgz#ff5b4e89ff439943a8e58890993015199604e1e6"

duplexer2@^0.1.2, duplexer2@~0.1.0, duplexer2@~0.1.2:
  version "0.1.4"
  resolved "https://registry.yarnpkg.com/duplexer2/-/duplexer2-0.1.4.tgz#8b12dab878c0d69e3e7891051662a32fc6bddcc1"
  dependencies:
    readable-stream "^2.0.2"

elem-dataset@^1.1.1:
  version "1.1.1"
  resolved "https://registry.yarnpkg.com/elem-dataset/-/elem-dataset-1.1.1.tgz#18f07fa7fc71ebd49b0f9f63819cb03c8276577a"

element-closest@^2.0.1:
  version "2.0.2"
  resolved "https://registry.yarnpkg.com/element-closest/-/element-closest-2.0.2.tgz#72a740a107453382e28df9ce5dbb5a8df0f966ec"

elliptic@^6.0.0:
  version "6.4.0"
  resolved "https://registry.yarnpkg.com/elliptic/-/elliptic-6.4.0.tgz#cac9af8762c85836187003c8dfe193e5e2eae5df"
  dependencies:
    bn.js "^4.4.0"
    brorand "^1.0.1"
    hash.js "^1.0.0"
    hmac-drbg "^1.0.0"
    inherits "^2.0.1"
    minimalistic-assert "^1.0.0"
    minimalistic-crypto-utils "^1.0.0"

emotion-utils@^9.0.1:
  version "9.0.1"
  resolved "https://registry.yarnpkg.com/emotion-utils/-/emotion-utils-9.0.1.tgz#db1034410d8ac4e399845d346471c3f2db5124d7"

emotion@^9.0.2:
  version "9.0.2"
  resolved "https://registry.yarnpkg.com/emotion/-/emotion-9.0.2.tgz#a40d28fd330562a42012a2cb17168b41b7caec94"
  dependencies:
    babel-plugin-emotion "^9.0.1"
    create-emotion "^9.0.2"

error-ex@^1.3.1:
  version "1.3.1"
  resolved "https://registry.yarnpkg.com/error-ex/-/error-ex-1.3.1.tgz#f855a86ce61adc4e8621c3cda21e7a7612c3a8dc"
  dependencies:
    is-arrayish "^0.2.1"

esprima@^4.0.0:
  version "4.0.0"
  resolved "https://registry.yarnpkg.com/esprima/-/esprima-4.0.0.tgz#4499eddcd1110e0b218bacf2fa7f7f59f55ca804"

esutils@^2.0.2:
  version "2.0.2"
  resolved "https://registry.yarnpkg.com/esutils/-/esutils-2.0.2.tgz#0abf4f1caa5bcb1f7a9d8acc6dea4faaa04bac9b"

ev-emitter@^1.1.1:
  version "1.1.1"
  resolved "https://registry.yarnpkg.com/ev-emitter/-/ev-emitter-1.1.1.tgz#8f18b0ce5c76a5d18017f71c0a795c65b9138f2a"

events@~1.1.0:
  version "1.1.1"
  resolved "https://registry.yarnpkg.com/events/-/events-1.1.1.tgz#9ebdb7635ad099c70dcc4c2a1f5004288e8bd924"

evp_bytestokey@^1.0.0, evp_bytestokey@^1.0.3:
  version "1.0.3"
  resolved "https://registry.yarnpkg.com/evp_bytestokey/-/evp_bytestokey-1.0.3.tgz#7fcbdb198dc71959432efe13842684e0525acb02"
  dependencies:
    md5.js "^1.3.4"
    safe-buffer "^5.1.1"

find-root@^1.1.0:
  version "1.1.0"
  resolved "https://registry.yarnpkg.com/find-root/-/find-root-1.1.0.tgz#abcfc8ba76f708c42a97b3d685b7e9450bfb9ce4"

focus-trap-react@^3.0.4:
  version "3.0.5"
  resolved "https://registry.yarnpkg.com/focus-trap-react/-/focus-trap-react-3.0.5.tgz#8fb381b92eafe075c2406297d1da618650d37143"
  dependencies:
    focus-trap "^2.0.1"

focus-trap@^2.0.1:
  version "2.3.1"
  resolved "https://registry.yarnpkg.com/focus-trap/-/focus-trap-2.3.1.tgz#f4fb86cfe6da38dc652b373e9f42ba476eab1c14"
  dependencies:
    tabbable "^1.0.3"

fs.realpath@^1.0.0:
  version "1.0.0"
  resolved "https://registry.yarnpkg.com/fs.realpath/-/fs.realpath-1.0.0.tgz#1504ad2523158caa40db4a2787cb01411994ea4f"

function-bind@^1.0.2:
  version "1.1.1"
  resolved "https://registry.yarnpkg.com/function-bind/-/function-bind-1.1.1.tgz#a56899d3ea3c9bab874bb9773b7c5ede92f4895d"

glob@^7.1.0:
  version "7.1.2"
  resolved "https://registry.yarnpkg.com/glob/-/glob-7.1.2.tgz#c19c9df9a028702d678612384a6552404c636d15"
  dependencies:
    fs.realpath "^1.0.0"
    inflight "^1.0.4"
    inherits "2"
    minimatch "^3.0.4"
    once "^1.3.0"
    path-is-absolute "^1.0.0"

has@^1.0.0:
  version "1.0.1"
  resolved "https://registry.yarnpkg.com/has/-/has-1.0.1.tgz#8461733f538b0837c9361e39a9ab9e9704dc2f28"
  dependencies:
    function-bind "^1.0.2"

hash-base@^3.0.0:
  version "3.0.4"
  resolved "https://registry.yarnpkg.com/hash-base/-/hash-base-3.0.4.tgz#5fc8686847ecd73499403319a6b0a3f3f6ae4918"
  dependencies:
    inherits "^2.0.1"
    safe-buffer "^5.0.1"

hash.js@^1.0.0, hash.js@^1.0.3:
  version "1.1.3"
  resolved "https://registry.yarnpkg.com/hash.js/-/hash.js-1.1.3.tgz#340dedbe6290187151c1ea1d777a3448935df846"
  dependencies:
    inherits "^2.0.3"
    minimalistic-assert "^1.0.0"

hmac-drbg@^1.0.0:
  version "1.0.1"
  resolved "https://registry.yarnpkg.com/hmac-drbg/-/hmac-drbg-1.0.1.tgz#d2745701025a6c775a6c545793ed502fc0c649a1"
  dependencies:
    hash.js "^1.0.3"
    minimalistic-assert "^1.0.0"
    minimalistic-crypto-utils "^1.0.1"

htmlescape@^1.1.0:
  version "1.1.1"
  resolved "https://registry.yarnpkg.com/htmlescape/-/htmlescape-1.1.1.tgz#3a03edc2214bca3b66424a3e7959349509cb0351"

https-browserify@~0.0.0:
  version "0.0.1"
  resolved "https://registry.yarnpkg.com/https-browserify/-/https-browserify-0.0.1.tgz#3f91365cabe60b77ed0ebba24b454e3e09d95a82"

ieee754@^1.1.4:
  version "1.1.11"
  resolved "https://registry.yarnpkg.com/ieee754/-/ieee754-1.1.11.tgz#c16384ffe00f5b7835824e67b6f2bd44a5229455"

indexof@0.0.1:
  version "0.0.1"
  resolved "https://registry.yarnpkg.com/indexof/-/indexof-0.0.1.tgz#82dc336d232b9062179d05ab3293a66059fd435d"

inflight@^1.0.4:
  version "1.0.6"
  resolved "https://registry.yarnpkg.com/inflight/-/inflight-1.0.6.tgz#49bd6331d7d02d0c09bc910a1075ba8165b56df9"
  dependencies:
    once "^1.3.0"
    wrappy "1"

inherits@2, inherits@^2.0.1, inherits@^2.0.3, inherits@~2.0.1, inherits@~2.0.3:
  version "2.0.3"
  resolved "https://registry.yarnpkg.com/inherits/-/inherits-2.0.3.tgz#633c2c83e3da42a502f52466022480f4208261de"

inherits@2.0.1:
  version "2.0.1"
  resolved "https://registry.yarnpkg.com/inherits/-/inherits-2.0.1.tgz#b17d08d326b4423e568eff719f91b0b1cbdf69f1"

inline-source-map@~0.6.0:
  version "0.6.2"
  resolved "https://registry.yarnpkg.com/inline-source-map/-/inline-source-map-0.6.2.tgz#f9393471c18a79d1724f863fa38b586370ade2a5"
  dependencies:
    source-map "~0.5.3"

insert-module-globals@^7.0.0:
  version "7.0.6"
  resolved "https://registry.yarnpkg.com/insert-module-globals/-/insert-module-globals-7.0.6.tgz#15a31d9d394e76d08838b9173016911d7fd4ea1b"
  dependencies:
    JSONStream "^1.0.3"
    combine-source-map "^0.8.0"
    concat-stream "^1.6.1"
    is-buffer "^1.1.0"
    lexical-scope "^1.2.0"
    path-is-absolute "^1.0.1"
    process "~0.11.0"
    through2 "^2.0.0"
    xtend "^4.0.0"

is-arrayish@^0.2.1:
  version "0.2.1"
  resolved "https://registry.yarnpkg.com/is-arrayish/-/is-arrayish-0.2.1.tgz#77c99840527aa8ecb1a8ba697b80645a7a926a9d"

is-buffer@^1.1.0:
  version "1.1.6"
  resolved "https://registry.yarnpkg.com/is-buffer/-/is-buffer-1.1.6.tgz#efaa2ea9daa0d7ab2ea13a97b2b8ad51fefbe8be"

is-directory@^0.3.1:
  version "0.3.1"
  resolved "https://registry.yarnpkg.com/is-directory/-/is-directory-0.3.1.tgz#61339b6f2475fc772fd9c9d83f5c8575dc154ae1"

isarray@^1.0.0, isarray@~1.0.0:
  version "1.0.0"
  resolved "https://registry.yarnpkg.com/isarray/-/isarray-1.0.0.tgz#bb935d48582cba168c06834957a54a3e07124f11"

isarray@^2.0.4:
  version "2.0.4"
  resolved "https://registry.yarnpkg.com/isarray/-/isarray-2.0.4.tgz#38e7bcbb0f3ba1b7933c86ba1894ddfc3781bbb7"

js-yaml@^3.9.0:
  version "3.11.0"
  resolved "https://registry.yarnpkg.com/js-yaml/-/js-yaml-3.11.0.tgz#597c1a8bd57152f26d622ce4117851a51f5ebaef"
  dependencies:
    argparse "^1.0.7"
    esprima "^4.0.0"

json-parse-better-errors@^1.0.1:
  version "1.0.1"
  resolved "https://registry.yarnpkg.com/json-parse-better-errors/-/json-parse-better-errors-1.0.1.tgz#50183cd1b2d25275de069e9e71b467ac9eab973a"

json-stable-stringify@~0.0.0:
  version "0.0.1"
  resolved "https://registry.yarnpkg.com/json-stable-stringify/-/json-stable-stringify-0.0.1.tgz#611c23e814db375527df851193db59dd2af27f45"
  dependencies:
    jsonify "~0.0.0"

jsonify@~0.0.0:
  version "0.0.0"
  resolved "https://registry.yarnpkg.com/jsonify/-/jsonify-0.0.0.tgz#2c74b6ee41d93ca51b7b5aaee8f503631d252a73"

jsonparse@^1.2.0:
  version "1.3.1"
  resolved "https://registry.yarnpkg.com/jsonparse/-/jsonparse-1.3.1.tgz#3f4dae4a91fac315f71062f8521cc239f1366280"

keyboardevent-key-polyfill@^1.0.2:
  version "1.1.0"
  resolved "https://registry.yarnpkg.com/keyboardevent-key-polyfill/-/keyboardevent-key-polyfill-1.1.0.tgz#8a319d8e45a13172fca56286372f90c1d4c7014c"

labeled-stream-splicer@^2.0.0:
  version "2.0.1"
  resolved "https://registry.yarnpkg.com/labeled-stream-splicer/-/labeled-stream-splicer-2.0.1.tgz#9cffa32fd99e1612fd1d86a8db962416d5292926"
  dependencies:
    inherits "^2.0.1"
    isarray "^2.0.4"
    stream-splicer "^2.0.0"

lexical-scope@^1.2.0:
  version "1.2.0"
  resolved "https://registry.yarnpkg.com/lexical-scope/-/lexical-scope-1.2.0.tgz#fcea5edc704a4b3a8796cdca419c3a0afaf22df4"
  dependencies:
    astw "^2.0.0"

lodash.debounce@^4.0.7:
  version "4.0.8"
  resolved "https://registry.yarnpkg.com/lodash.debounce/-/lodash.debounce-4.0.8.tgz#82d79bff30a67c4005ffd5e2515300ad9ca4d7af"

lodash.memoize@~3.0.3:
  version "3.0.4"
  resolved "https://registry.yarnpkg.com/lodash.memoize/-/lodash.memoize-3.0.4.tgz#2dcbd2c287cbc0a55cc42328bd0c736150d53e3f"

lodash.uniqueid@^4.0.1:
  version "4.0.1"
  resolved "https://registry.yarnpkg.com/lodash.uniqueid/-/lodash.uniqueid-4.0.1.tgz#3268f26a7c88e4f4b1758d679271814e31fa5b26"

lodash@^4.2.0:
  version "4.17.5"
  resolved "https://registry.yarnpkg.com/lodash/-/lodash-4.17.5.tgz#99a92d65c0272debe8c96b6057bc8fbfa3bed511"

matches-selector@^1.0.0:
  version "1.2.0"
  resolved "https://registry.yarnpkg.com/matches-selector/-/matches-selector-1.2.0.tgz#d1814e7e8f43e69d22ac33c9af727dc884ecf12a"

md5.js@^1.3.4:
  version "1.3.4"
  resolved "https://registry.yarnpkg.com/md5.js/-/md5.js-1.3.4.tgz#e9bdbde94a20a5ac18b04340fc5764d5b09d901d"
  dependencies:
    hash-base "^3.0.0"
    inherits "^2.0.1"

miller-rabin@^4.0.0:
  version "4.0.1"
  resolved "https://registry.yarnpkg.com/miller-rabin/-/miller-rabin-4.0.1.tgz#f080351c865b0dc562a8462966daa53543c78a4d"
  dependencies:
    bn.js "^4.0.0"
    brorand "^1.0.1"

minimalistic-assert@^1.0.0:
  version "1.0.1"
  resolved "https://registry.yarnpkg.com/minimalistic-assert/-/minimalistic-assert-1.0.1.tgz#2e194de044626d4a10e7f7fbc00ce73e83e4d5c7"

minimalistic-crypto-utils@^1.0.0, minimalistic-crypto-utils@^1.0.1:
  version "1.0.1"
  resolved "https://registry.yarnpkg.com/minimalistic-crypto-utils/-/minimalistic-crypto-utils-1.0.1.tgz#f6c00c1c0b082246e5c4d99dfb8c7c083b2b582a"

minimatch@^3.0.4:
  version "3.0.4"
  resolved "https://registry.yarnpkg.com/minimatch/-/minimatch-3.0.4.tgz#5166e286457f03306064be5497e8dbb0c3d32083"
  dependencies:
    brace-expansion "^1.1.7"

minimist@^1.1.0:
  version "1.2.0"
  resolved "https://registry.yarnpkg.com/minimist/-/minimist-1.2.0.tgz#a35008b20f41383eec1fb914f4cd5df79a264284"

module-deps@^4.0.8:
  version "4.1.1"
  resolved "https://registry.yarnpkg.com/module-deps/-/module-deps-4.1.1.tgz#23215833f1da13fd606ccb8087b44852dcb821fd"
  dependencies:
    JSONStream "^1.0.3"
    browser-resolve "^1.7.0"
    cached-path-relative "^1.0.0"
    concat-stream "~1.5.0"
    defined "^1.0.0"
    detective "^4.0.0"
    duplexer2 "^0.1.2"
    inherits "^2.0.1"
    parents "^1.0.0"
    readable-stream "^2.0.2"
    resolve "^1.1.3"
    stream-combiner2 "^1.1.1"
    subarg "^1.0.0"
    through2 "^2.0.0"
    xtend "^4.0.0"

no-scroll@^2.0.0:
  version "2.1.0"
  resolved "https://registry.yarnpkg.com/no-scroll/-/no-scroll-2.1.0.tgz#f8643b3ddb6a3bf94430e5ff31d26f21d082a695"

nopt@~1.0.10:
  version "1.0.10"
  resolved "https://registry.yarnpkg.com/nopt/-/nopt-1.0.10.tgz#6ddd21bd2a31417b92727dd585f8a6f37608ebee"
  dependencies:
    abbrev "1"

object-assign@^4.1.0, object-assign@^4.1.1:
  version "4.1.1"
  resolved "https://registry.yarnpkg.com/object-assign/-/object-assign-4.1.1.tgz#2109adc7965887cfc05cbbd442cac8bfbb360863"

once@^1.3.0:
  version "1.4.0"
  resolved "https://registry.yarnpkg.com/once/-/once-1.4.0.tgz#583b1aa775961d4b113ac17d9c50baef9dd76bd1"
  dependencies:
    wrappy "1"

os-browserify@~0.1.1:
  version "0.1.2"
  resolved "https://registry.yarnpkg.com/os-browserify/-/os-browserify-0.1.2.tgz#49ca0293e0b19590a5f5de10c7f265a617d8fe54"

pako@~0.2.0:
  version "0.2.9"
  resolved "https://registry.yarnpkg.com/pako/-/pako-0.2.9.tgz#f3f7522f4ef782348da8161bad9ecfd51bf83a75"

parents@^1.0.0, parents@^1.0.1:
  version "1.0.1"
  resolved "https://registry.yarnpkg.com/parents/-/parents-1.0.1.tgz#fedd4d2bf193a77745fe71e371d73c3307d9c751"
  dependencies:
    path-platform "~0.11.15"

parse-asn1@^5.0.0:
  version "5.1.1"
  resolved "https://registry.yarnpkg.com/parse-asn1/-/parse-asn1-5.1.1.tgz#f6bf293818332bd0dab54efb16087724745e6ca8"
  dependencies:
    asn1.js "^4.0.0"
    browserify-aes "^1.0.0"
    create-hash "^1.1.0"
    evp_bytestokey "^1.0.0"
    pbkdf2 "^3.0.3"

parse-json@^4.0.0:
  version "4.0.0"
  resolved "https://registry.yarnpkg.com/parse-json/-/parse-json-4.0.0.tgz#be35f5425be1f7f6c747184f98a788cb99477ee0"
  dependencies:
    error-ex "^1.3.1"
    json-parse-better-errors "^1.0.1"

path-browserify@~0.0.0:
  version "0.0.0"
  resolved "https://registry.yarnpkg.com/path-browserify/-/path-browserify-0.0.0.tgz#a0b870729aae214005b7d5032ec2cbbb0fb4451a"

path-is-absolute@^1.0.0, path-is-absolute@^1.0.1:
  version "1.0.1"
  resolved "https://registry.yarnpkg.com/path-is-absolute/-/path-is-absolute-1.0.1.tgz#174b9268735534ffbc7ace6bf53a5a9e1b5c5f5f"

path-parse@^1.0.5:
  version "1.0.5"
  resolved "https://registry.yarnpkg.com/path-parse/-/path-parse-1.0.5.tgz#3c1adf871ea9cd6c9431b6ea2bd74a0ff055c4c1"

path-platform@~0.11.15:
  version "0.11.15"
  resolved "https://registry.yarnpkg.com/path-platform/-/path-platform-0.11.15.tgz#e864217f74c36850f0852b78dc7bf7d4a5721bf2"

pbkdf2@^3.0.3:
  version "3.0.16"
  resolved "https://registry.yarnpkg.com/pbkdf2/-/pbkdf2-3.0.16.tgz#7404208ec6b01b62d85bf83853a8064f8d9c2a5c"
  dependencies:
    create-hash "^1.1.2"
    create-hmac "^1.1.4"
    ripemd160 "^2.0.1"
    safe-buffer "^5.0.1"
    sha.js "^2.4.8"

process-nextick-args@~1.0.6:
  version "1.0.7"
  resolved "https://registry.yarnpkg.com/process-nextick-args/-/process-nextick-args-1.0.7.tgz#150e20b756590ad3f91093f25a4f2ad8bff30ba3"

process-nextick-args@~2.0.0:
  version "2.0.0"
  resolved "https://registry.yarnpkg.com/process-nextick-args/-/process-nextick-args-2.0.0.tgz#a37d732f4271b4ab1ad070d35508e8290788ffaa"

process@~0.11.0:
  version "0.11.10"
  resolved "https://registry.yarnpkg.com/process/-/process-0.11.10.tgz#7332300e840161bda3e69a1d1d91a7d4bc16f182"

public-encrypt@^4.0.0:
  version "4.0.2"
  resolved "https://registry.yarnpkg.com/public-encrypt/-/public-encrypt-4.0.2.tgz#46eb9107206bf73489f8b85b69d91334c6610994"
  dependencies:
    bn.js "^4.1.0"
    browserify-rsa "^4.0.0"
    create-hash "^1.1.0"
    parse-asn1 "^5.0.0"
    randombytes "^2.0.1"

punycode@1.3.2:
  version "1.3.2"
  resolved "https://registry.yarnpkg.com/punycode/-/punycode-1.3.2.tgz#9653a036fb7c1ee42342f2325cceefea3926c48d"

punycode@^1.3.2:
  version "1.4.1"
  resolved "https://registry.yarnpkg.com/punycode/-/punycode-1.4.1.tgz#c0d5a63b2718800ad8e1eb0fa5269c84dd41845e"

querystring-es3@~0.2.0:
  version "0.2.1"
  resolved "https://registry.yarnpkg.com/querystring-es3/-/querystring-es3-0.2.1.tgz#9ec61f79049875707d69414596fd907a4d711e73"

querystring@0.2.0:
  version "0.2.0"
  resolved "https://registry.yarnpkg.com/querystring/-/querystring-0.2.0.tgz#b209849203bb25df820da756e747005878521620"

randombytes@^2.0.0, randombytes@^2.0.1, randombytes@^2.0.5:
  version "2.0.6"
  resolved "https://registry.yarnpkg.com/randombytes/-/randombytes-2.0.6.tgz#d302c522948588848a8d300c932b44c24231da80"
  dependencies:
    safe-buffer "^5.1.0"

randomfill@^1.0.3:
  version "1.0.4"
  resolved "https://registry.yarnpkg.com/randomfill/-/randomfill-1.0.4.tgz#c92196fc86ab42be983f1bf31778224931d61458"
  dependencies:
    randombytes "^2.0.5"
    safe-buffer "^5.1.0"

react-aria-modal@^2.11.1:
  version "2.11.1"
  resolved "https://registry.yarnpkg.com/react-aria-modal/-/react-aria-modal-2.11.1.tgz#b82769f369223f634989728694c9eecacb0a8529"
  dependencies:
    focus-trap-react "^3.0.4"
    no-scroll "^2.0.0"
    react-displace "^2.3.0"

react-displace@^2.3.0:
  version "2.3.0"
  resolved "https://registry.yarnpkg.com/react-displace/-/react-displace-2.3.0.tgz#6915f8f2f279a29a7b58442405c26edc3d441429"

react-emotion@^9.0.2:
  version "9.0.2"
  resolved "https://registry.yarnpkg.com/react-emotion/-/react-emotion-9.0.2.tgz#99ec26cb9ad671fff393338354543ff7c2540ae1"
  dependencies:
    babel-plugin-emotion "^9.0.1"
    create-emotion-styled "^9.0.1"

read-only-stream@^2.0.0:
  version "2.0.0"
  resolved "https://registry.yarnpkg.com/read-only-stream/-/read-only-stream-2.0.0.tgz#2724fd6a8113d73764ac288d4386270c1dbf17f0"
  dependencies:
    readable-stream "^2.0.2"

readable-stream@^2.0.2, readable-stream@^2.1.5, readable-stream@^2.2.2, readable-stream@^2.3.3:
  version "2.3.6"
  resolved "https://registry.yarnpkg.com/readable-stream/-/readable-stream-2.3.6.tgz#b11c27d88b8ff1fbe070643cf94b0c79ae1b0aaf"
  dependencies:
    core-util-is "~1.0.0"
    inherits "~2.0.3"
    isarray "~1.0.0"
    process-nextick-args "~2.0.0"
    safe-buffer "~5.1.1"
    string_decoder "~1.1.1"
    util-deprecate "~1.0.1"

readable-stream@~2.0.0:
  version "2.0.6"
  resolved "https://registry.yarnpkg.com/readable-stream/-/readable-stream-2.0.6.tgz#8f90341e68a53ccc928788dacfcd11b36eb9b78e"
  dependencies:
    core-util-is "~1.0.0"
    inherits "~2.0.1"
    isarray "~1.0.0"
    process-nextick-args "~1.0.6"
    string_decoder "~0.10.x"
    util-deprecate "~1.0.1"

receptor@^1.0.0:
  version "1.0.0"
  resolved "https://registry.yarnpkg.com/receptor/-/receptor-1.0.0.tgz#bf54477e0387e44bebf3855120bbda5adea08f8b"
  dependencies:
    element-closest "^2.0.1"
    keyboardevent-key-polyfill "^1.0.2"
    matches-selector "^1.0.0"
    object-assign "^4.1.0"

require-from-string@^2.0.1:
  version "2.0.1"
  resolved "https://registry.yarnpkg.com/require-from-string/-/require-from-string-2.0.1.tgz#c545233e9d7da6616e9d59adfb39fc9f588676ff"

resolve-id-refs@^0.1.0:
  version "0.1.0"
  resolved "https://registry.yarnpkg.com/resolve-id-refs/-/resolve-id-refs-0.1.0.tgz#3126624b887489da8fc0ae889632f8413ac6c3ec"

resolve@1.1.7:
  version "1.1.7"
  resolved "https://registry.yarnpkg.com/resolve/-/resolve-1.1.7.tgz#203114d82ad2c5ed9e8e0411b3932875e889e97b"

resolve@^1.1.3, resolve@^1.1.4:
  version "1.7.1"
  resolved "https://registry.yarnpkg.com/resolve/-/resolve-1.7.1.tgz#aadd656374fd298aee895bc026b8297418677fd3"
  dependencies:
    path-parse "^1.0.5"

ripemd160@^2.0.0, ripemd160@^2.0.1:
  version "2.0.2"
  resolved "https://registry.yarnpkg.com/ripemd160/-/ripemd160-2.0.2.tgz#a1c1a6f624751577ba5d07914cbc92850585890c"
  dependencies:
    hash-base "^3.0.0"
    inherits "^2.0.1"

safe-buffer@^5.0.1, safe-buffer@^5.1.0, safe-buffer@^5.1.1, safe-buffer@~5.1.0, safe-buffer@~5.1.1:
  version "5.1.1"
  resolved "https://registry.yarnpkg.com/safe-buffer/-/safe-buffer-5.1.1.tgz#893312af69b2123def71f57889001671eeb2c853"

sha.js@^2.4.0, sha.js@^2.4.8, sha.js@~2.4.4:
  version "2.4.11"
  resolved "https://registry.yarnpkg.com/sha.js/-/sha.js-2.4.11.tgz#37a5cf0b81ecbc6943de109ba2960d1b26584ae7"
  dependencies:
    inherits "^2.0.1"
    safe-buffer "^5.0.1"

shasum@^1.0.0:
  version "1.0.2"
  resolved "https://registry.yarnpkg.com/shasum/-/shasum-1.0.2.tgz#e7012310d8f417f4deb5712150e5678b87ae565f"
  dependencies:
    json-stable-stringify "~0.0.0"
    sha.js "~2.4.4"

shell-quote@^1.6.1:
  version "1.6.1"
  resolved "https://registry.yarnpkg.com/shell-quote/-/shell-quote-1.6.1.tgz#f4781949cce402697127430ea3b3c5476f481767"
  dependencies:
    array-filter "~0.0.0"
    array-map "~0.0.0"
    array-reduce "~0.0.0"
    jsonify "~0.0.0"

source-map@^0.5.7, source-map@~0.5.3:
  version "0.5.7"
  resolved "https://registry.yarnpkg.com/source-map/-/source-map-0.5.7.tgz#8a039d2d1021d22d1ea14c80d8ea468ba2ef3fcc"

sprintf-js@~1.0.2:
  version "1.0.3"
  resolved "https://registry.yarnpkg.com/sprintf-js/-/sprintf-js-1.0.3.tgz#04e6926f662895354f3dd015203633b857297e2c"

stream-browserify@^2.0.0:
  version "2.0.1"
  resolved "https://registry.yarnpkg.com/stream-browserify/-/stream-browserify-2.0.1.tgz#66266ee5f9bdb9940a4e4514cafb43bb71e5c9db"
  dependencies:
    inherits "~2.0.1"
    readable-stream "^2.0.2"

stream-combiner2@^1.1.1:
  version "1.1.1"
  resolved "https://registry.yarnpkg.com/stream-combiner2/-/stream-combiner2-1.1.1.tgz#fb4d8a1420ea362764e21ad4780397bebcb41cbe"
  dependencies:
    duplexer2 "~0.1.0"
    readable-stream "^2.0.2"

stream-http@^2.0.0:
  version "2.8.1"
  resolved "https://registry.yarnpkg.com/stream-http/-/stream-http-2.8.1.tgz#d0441be1a457a73a733a8a7b53570bebd9ef66a4"
  dependencies:
    builtin-status-codes "^3.0.0"
    inherits "^2.0.1"
    readable-stream "^2.3.3"
    to-arraybuffer "^1.0.0"
    xtend "^4.0.0"

stream-splicer@^2.0.0:
  version "2.0.0"
  resolved "https://registry.yarnpkg.com/stream-splicer/-/stream-splicer-2.0.0.tgz#1b63be438a133e4b671cc1935197600175910d83"
  dependencies:
    inherits "^2.0.1"
    readable-stream "^2.0.2"

string_decoder@~0.10.0, string_decoder@~0.10.x:
  version "0.10.31"
  resolved "https://registry.yarnpkg.com/string_decoder/-/string_decoder-0.10.31.tgz#62e203bc41766c6c28c9fc84301dab1c5310fa94"

string_decoder@~1.1.1:
  version "1.1.1"
  resolved "https://registry.yarnpkg.com/string_decoder/-/string_decoder-1.1.1.tgz#9cf1611ba62685d7030ae9e4ba34149c3af03fc8"
  dependencies:
    safe-buffer "~5.1.0"

stylis-rule-sheet@^0.0.5:
  version "0.0.5"
  resolved "https://registry.yarnpkg.com/stylis-rule-sheet/-/stylis-rule-sheet-0.0.5.tgz#ebae935cc1f6fb31b9b62dba47f2ea8b833dad9f"

stylis@^3.3.2:
  version "3.5.0"
  resolved "https://registry.yarnpkg.com/stylis/-/stylis-3.5.0.tgz#016fa239663d77f868fef5b67cf201c4b7c701e1"

subarg@^1.0.0:
  version "1.0.0"
  resolved "https://registry.yarnpkg.com/subarg/-/subarg-1.0.0.tgz#f62cf17581e996b48fc965699f54c06ae268b8d2"
  dependencies:
    minimist "^1.1.0"

syntax-error@^1.1.1:
  version "1.4.0"
  resolved "https://registry.yarnpkg.com/syntax-error/-/syntax-error-1.4.0.tgz#2d9d4ff5c064acb711594a3e3b95054ad51d907c"
  dependencies:
    acorn-node "^1.2.0"

tabbable@^1.0.3:
  version "1.1.1"
  resolved "https://registry.yarnpkg.com/tabbable/-/tabbable-1.1.1.tgz#88618caa0dc76e877572a678f0ad97519bba6761"

through2@^2.0.0:
  version "2.0.3"
  resolved "https://registry.yarnpkg.com/through2/-/through2-2.0.3.tgz#0004569b37c7c74ba39c43f3ced78d1ad94140be"
  dependencies:
    readable-stream "^2.1.5"
    xtend "~4.0.1"

"through@>=2.2.7 <3":
  version "2.3.8"
  resolved "https://registry.yarnpkg.com/through/-/through-2.3.8.tgz#0dd4c9ffaabc357960b1b724115d7e0e86a2e1f5"

timers-browserify@^1.0.1:
  version "1.4.2"
  resolved "https://registry.yarnpkg.com/timers-browserify/-/timers-browserify-1.4.2.tgz#c9c58b575be8407375cb5e2462dacee74359f41d"
  dependencies:
    process "~0.11.0"

to-arraybuffer@^1.0.0:
  version "1.0.1"
  resolved "https://registry.yarnpkg.com/to-arraybuffer/-/to-arraybuffer-1.0.1.tgz#7d229b1fcc637e466ca081180836a7aabff83f43"

to-fast-properties@^2.0.0:
  version "2.0.0"
  resolved "https://registry.yarnpkg.com/to-fast-properties/-/to-fast-properties-2.0.0.tgz#dc5e698cbd079265bc73e0377681a4e4e83f616e"

touch@^1.0.0:
  version "1.0.0"
  resolved "https://registry.yarnpkg.com/touch/-/touch-1.0.0.tgz#449cbe2dbae5a8c8038e30d71fa0ff464947c4de"
  dependencies:
    nopt "~1.0.10"

tty-browserify@~0.0.0:
  version "0.0.1"
  resolved "https://registry.yarnpkg.com/tty-browserify/-/tty-browserify-0.0.1.tgz#3f05251ee17904dfd0677546670db9651682b811"

typedarray@^0.0.6, typedarray@~0.0.5:
  version "0.0.6"
  resolved "https://registry.yarnpkg.com/typedarray/-/typedarray-0.0.6.tgz#867ac74e3864187b1d3d47d996a78ec5c8830777"

typescript@^2.4.1:
  version "2.8.3"
  resolved "https://registry.yarnpkg.com/typescript/-/typescript-2.8.3.tgz#5d817f9b6f31bb871835f4edf0089f21abe6c170"

umd@^3.0.0:
  version "3.0.3"
  resolved "https://registry.yarnpkg.com/umd/-/umd-3.0.3.tgz#aa9fe653c42b9097678489c01000acb69f0b26cf"

url@~0.11.0:
  version "0.11.0"
  resolved "https://registry.yarnpkg.com/url/-/url-0.11.0.tgz#3838e97cfc60521eb73c525a8e55bfdd9e2e28f1"
  dependencies:
    punycode "1.3.2"
    querystring "0.2.0"

uswds@1.3.1:
  version "1.3.1"
  resolved "https://registry.yarnpkg.com/uswds/-/uswds-1.3.1.tgz#1687b2a8f844e328013465a09c78d32c75d096da"
  dependencies:
    "@types/node" "^8.0.14"
    array-filter "^1.0.0"
    array-foreach "^1.0.2"
    browserify "^13.0.0"
    classlist-polyfill "^1.0.3"
    domready "^1.0.8"
    elem-dataset "^1.1.1"
    lodash.debounce "^4.0.7"
    object-assign "^4.1.1"
    receptor "^1.0.0"
    resolve-id-refs "^0.1.0"
    typescript "^2.4.1"

util-deprecate@~1.0.1:
  version "1.0.2"
  resolved "https://registry.yarnpkg.com/util-deprecate/-/util-deprecate-1.0.2.tgz#450d4dc9fa70de732762fbd2d4a28981419a0ccf"

util@0.10.3, util@~0.10.1:
  version "0.10.3"
  resolved "https://registry.yarnpkg.com/util/-/util-0.10.3.tgz#7afb1afe50805246489e3db7fe0ed379336ac0f9"
  dependencies:
    inherits "2.0.1"

vm-browserify@~0.0.1:
  version "0.0.4"
  resolved "https://registry.yarnpkg.com/vm-browserify/-/vm-browserify-0.0.4.tgz#5d7ea45bbef9e4a6ff65f95438e0a87c357d5a73"
  dependencies:
    indexof "0.0.1"

wrappy@1:
  version "1.0.2"
  resolved "https://registry.yarnpkg.com/wrappy/-/wrappy-1.0.2.tgz#b5243d8f3ec1aa35f1364605bc0d1036e30ab69f"

xtend@^4.0.0, xtend@^4.0.1, xtend@~4.0.1:
  version "4.0.1"
  resolved "https://registry.yarnpkg.com/xtend/-/xtend-4.0.1.tgz#a5c6d532be656e23db820efb943a1f04998d63af"
