# THIS IS AN AUTOGENERATED FILE. DO NOT EDIT THIS FILE DIRECTLY.
# yarn lockfile v1


"@babel/runtime@^7.1.2":
  version "7.4.3"
  resolved "https://registry.yarnpkg.com/@babel/runtime/-/runtime-7.4.3.tgz#79888e452034223ad9609187a0ad1fe0d2ad4bdc"
  integrity sha512-9lsJwJLxDh/T3Q3SZszfWOTkk3pHbkmH+3KY+zwIDmsNlxsumuhS2TH3NIpktU4kNvfzy+k3eLT7aTJSPTo0OA==
  dependencies:
    regenerator-runtime "^0.13.2"

classnames@^2.2.5:
  version "2.2.5"
  resolved "https://registry.yarnpkg.com/classnames/-/classnames-2.2.5.tgz#fb3801d453467649ef3603c7d61a02bd129bde6d"

compute-scroll-into-view@^1.0.9:
  version "1.0.11"
  resolved "https://registry.yarnpkg.com/compute-scroll-into-view/-/compute-scroll-into-view-1.0.11.tgz#7ff0a57f9aeda6314132d8994cce7aeca794fecf"
  integrity sha512-uUnglJowSe0IPmWOdDtrlHXof5CTIJitfJEyITHBW6zDVOGu9Pjk5puaLM73SLcwak0L4hEjO7Td88/a6P5i7A==

core-js@^2.5.3:
  version "2.5.3"
  resolved "https://registry.yarnpkg.com/core-js/-/core-js-2.5.3.tgz#8acc38345824f16d8365b7c9b4259168e8ed603e"

downshift@^3.2.10:
  version "3.2.10"
  resolved "https://registry.yarnpkg.com/downshift/-/downshift-3.2.10.tgz#00f8e50383199c3f07ce63b575a840e2918b7b9f"
  integrity sha512-fEYNbV/qDLUHTxF9wALNe51Xe5zauUhy2sqgYG1CtmAfUFMI30UuSaisU8CD0DEsFSIsaEvsVgtabb6nTEhtaA==
  dependencies:
    "@babel/runtime" "^7.1.2"
    compute-scroll-into-view "^1.0.9"
    prop-types "^15.6.0"
    react-is "^16.5.2"

ev-emitter@^1.1.1:
  version "1.1.1"
  resolved "https://registry.yarnpkg.com/ev-emitter/-/ev-emitter-1.1.1.tgz#8f18b0ce5c76a5d18017f71c0a795c65b9138f2a"

focus-trap-react@^3.0.4:
  version "3.0.5"
  resolved "https://registry.yarnpkg.com/focus-trap-react/-/focus-trap-react-3.0.5.tgz#8fb381b92eafe075c2406297d1da618650d37143"
  dependencies:
    focus-trap "^2.0.1"

focus-trap@^2.0.1:
  version "2.3.1"
  resolved "https://registry.yarnpkg.com/focus-trap/-/focus-trap-2.3.1.tgz#f4fb86cfe6da38dc652b373e9f42ba476eab1c14"
  dependencies:
    tabbable "^1.0.3"

"js-tokens@^3.0.0 || ^4.0.0":
  version "4.0.0"
  resolved "https://registry.yarnpkg.com/js-tokens/-/js-tokens-4.0.0.tgz#19203fb59991df98e3a287050d4647cdeaf32499"
  integrity sha512-RdJUflcE3cUzKiMqQgsCu06FPu9UdIJO0beYbPhHN4k6apgJtifcoCtT9bcxOpYBtpD2kCM6Sbzg4CausW/PKQ==

lodash.uniqueid@^4.0.1:
  version "4.0.1"
  resolved "https://registry.yarnpkg.com/lodash.uniqueid/-/lodash.uniqueid-4.0.1.tgz#3268f26a7c88e4f4b1758d679271814e31fa5b26"

loose-envify@^1.4.0:
  version "1.4.0"
  resolved "https://registry.yarnpkg.com/loose-envify/-/loose-envify-1.4.0.tgz#71ee51fa7be4caec1a63839f7e682d8132d30caf"
  integrity sha512-lyuxPGr/Wfhrlem2CL/UcnUc1zcqKAImBDzukY7Y5F/yQiNdko6+fRLevlw1HgMySw7f611UIY408EtxRSoK3Q==
  dependencies:
    js-tokens "^3.0.0 || ^4.0.0"

no-scroll@^2.0.0:
  version "2.1.0"
  resolved "https://registry.yarnpkg.com/no-scroll/-/no-scroll-2.1.0.tgz#f8643b3ddb6a3bf94430e5ff31d26f21d082a695"

object-assign@^4.1.1:
  version "4.1.1"
  resolved "https://registry.yarnpkg.com/object-assign/-/object-assign-4.1.1.tgz#2109adc7965887cfc05cbbd442cac8bfbb360863"

prop-types@^15.6.0:
  version "15.7.2"
  resolved "https://registry.yarnpkg.com/prop-types/-/prop-types-15.7.2.tgz#52c41e75b8c87e72b9d9360e0206b99dcbffa6c5"
  integrity sha512-8QQikdH7//R2vurIJSutZ1smHYTcLpRWEOlHnzcWHmBYrOGUysKwSsrC89BCiFj3CbrfJ/nXFdJepOVrY1GCHQ==
  dependencies:
    loose-envify "^1.4.0"
    object-assign "^4.1.1"
    react-is "^16.8.1"

react-aria-modal@^2.11.1:
  version "2.11.1"
  resolved "https://registry.yarnpkg.com/react-aria-modal/-/react-aria-modal-2.11.1.tgz#b82769f369223f634989728694c9eecacb0a8529"
  dependencies:
    focus-trap-react "^3.0.4"
    no-scroll "^2.0.0"
    react-displace "^2.3.0"

react-displace@^2.3.0:
  version "2.3.0"
  resolved "https://registry.yarnpkg.com/react-displace/-/react-displace-2.3.0.tgz#6915f8f2f279a29a7b58442405c26edc3d441429"

react-is@^16.5.2, react-is@^16.8.1:
  version "16.8.6"
  resolved "https://registry.yarnpkg.com/react-is/-/react-is-16.8.6.tgz#5bbc1e2d29141c9fbdfed456343fe2bc430a6a16"
  integrity sha512-aUk3bHfZ2bRSVFFbbeVS4i+lNPZr3/WM5jT2J5omUVV1zzcs1nAaf3l51ctA5FFvCRbhrH0bdAsRRQddFJZPtA==

regenerator-runtime@^0.13.2:
  version "0.13.2"
  resolved "https://registry.yarnpkg.com/regenerator-runtime/-/regenerator-runtime-0.13.2.tgz#32e59c9a6fb9b1a4aff09b4930ca2d4477343447"
  integrity sha512-S/TQAZJO+D3m9xeN1WTI8dLKBBiRgXBlTJvbWjCThHWZj9EvHK70Ff50/tYj2J/fvBY6JtFVwRuazHN2E7M9BA==

tabbable@^1.0.3:
  version "1.1.1"
  resolved "https://registry.yarnpkg.com/tabbable/-/tabbable-1.1.1.tgz#88618caa0dc76e877572a678f0ad97519bba6761"
