# THIS IS AN AUTOGENERATED FILE. DO NOT EDIT THIS FILE DIRECTLY.
# yarn lockfile v1


ansi-styles@^3.1.0:
  version "3.2.0"
  resolved "https://registry.yarnpkg.com/ansi-styles/-/ansi-styles-3.2.0.tgz#c159b8d5be0f9e5a6f346dab94f16ce022161b88"
  dependencies:
    color-convert "^1.9.0"

chalk@^2.3.0:
  version "2.3.0"
  resolved "https://registry.yarnpkg.com/chalk/-/chalk-2.3.0.tgz#b5ea48efc9c1793dccc9b4767c93914d3f2d52ba"
  dependencies:
    ansi-styles "^3.1.0"
    escape-string-regexp "^1.0.5"
    supports-color "^4.0.0"

color-convert@^1.9.0:
  version "1.9.0"
  resolved "https://registry.yarnpkg.com/color-convert/-/color-convert-1.9.0.tgz#1accf97dd739b983bf994d56fec8f95853641b7a"
  dependencies:
    color-name "^1.1.1"

color-name@^1.1.1:
  version "1.1.3"
  resolved "https://registry.yarnpkg.com/color-name/-/color-name-1.1.3.tgz#a7d0558bd89c42f795dd42328f740831ca53bc25"

dot-prop@^4.1.1:
  version "4.2.0"
  resolved "https://registry.yarnpkg.com/dot-prop/-/dot-prop-4.2.0.tgz#1f19e0c2e1aa0e32797c49799f2837ac6af69c57"
  dependencies:
    is-obj "^1.0.0"

escape-string-regexp@^1.0.5:
  version "1.0.5"
  resolved "https://registry.yarnpkg.com/escape-string-regexp/-/escape-string-regexp-1.0.5.tgz#1b61c0562190a8dff6ae3bb2cf0200ca130b86d4"

has-flag@^2.0.0:
  version "2.0.0"
  resolved "https://registry.yarnpkg.com/has-flag/-/has-flag-2.0.0.tgz#e8207af1cc7b30d446cc70b734b5e8be18f88d51"

indexes-of@^1.0.1:
  version "1.0.1"
  resolved "https://registry.yarnpkg.com/indexes-of/-/indexes-of-1.0.1.tgz#f30f716c8e2bd346c7b67d3df3915566a7c05607"

is-obj@^1.0.0:
  version "1.0.1"
  resolved "https://registry.yarnpkg.com/is-obj/-/is-obj-1.0.1.tgz#3e4729ac1f5fde025cd7d83a896dab9f4f67db0f"

lodash@^4.17.4:
  version "4.17.15"
  resolved "https://registry.yarnpkg.com/lodash/-/lodash-4.17.15.tgz#b447f6670a0455bbfeedd11392eff330ea097548"

postcss-media-query-parser@^0.2.3:
  version "0.2.3"
  resolved "https://registry.yarnpkg.com/postcss-media-query-parser/-/postcss-media-query-parser-0.2.3.tgz#27b39c6f4d94f81b1a73b8f76351c609e5cef244"

postcss-resolve-nested-selector@^0.1.1:
  version "0.1.1"
  resolved "https://registry.yarnpkg.com/postcss-resolve-nested-selector/-/postcss-resolve-nested-selector-0.1.1.tgz#29ccbc7c37dedfac304e9fff0bf1596b3f6a0e4e"

postcss-selector-parser@^3.1.1:
  version "3.1.1"
  resolved "https://registry.yarnpkg.com/postcss-selector-parser/-/postcss-selector-parser-3.1.1.tgz#4f875f4afb0c96573d5cf4d74011aee250a7e865"
  dependencies:
    dot-prop "^4.1.1"
    indexes-of "^1.0.1"
    uniq "^1.0.1"

postcss-sorting@^3.1.0:
  version "3.1.0"
  resolved "https://registry.yarnpkg.com/postcss-sorting/-/postcss-sorting-3.1.0.tgz#af7c90ee73ad12569a57664eaf06735c2e25bec0"
  dependencies:
    lodash "^4.17.4"
    postcss "^6.0.13"

postcss-value-parser@^3.3.0:
  version "3.3.0"
  resolved "https://registry.yarnpkg.com/postcss-value-parser/-/postcss-value-parser-3.3.0.tgz#87f38f9f18f774a4ab4c8a232f5c5ce8872a9d15"

postcss@^6.0.13, postcss@^6.0.14:
  version "6.0.14"
  resolved "https://registry.yarnpkg.com/postcss/-/postcss-6.0.14.tgz#5534c72114739e75d0afcf017db853099f562885"
  dependencies:
    chalk "^2.3.0"
    source-map "^0.6.1"
    supports-color "^4.4.0"

source-map@^0.6.1:
  version "0.6.1"
  resolved "https://registry.yarnpkg.com/source-map/-/source-map-0.6.1.tgz#74722af32e9614e9c287a8d0bbde48b5e2f1a263"

stylelint-order@^0.8.1:
  version "0.8.1"
  resolved "https://registry.yarnpkg.com/stylelint-order/-/stylelint-order-0.8.1.tgz#35f71af3a15954154e0e99e5646ba3d6fbe34f8d"
  dependencies:
    lodash "^4.17.4"
    postcss "^6.0.14"
    postcss-sorting "^3.1.0"

stylelint-scss@^2.4.0:
  version "2.4.0"
  resolved "https://registry.yarnpkg.com/stylelint-scss/-/stylelint-scss-2.4.0.tgz#2d417688556d64536f435e7a6f77a40dbb89e505"
  dependencies:
    lodash "^4.17.4"
    postcss-media-query-parser "^0.2.3"
    postcss-resolve-nested-selector "^0.1.1"
    postcss-selector-parser "^3.1.1"
    postcss-value-parser "^3.3.0"

supports-color@^4.0.0, supports-color@^4.4.0:
  version "4.4.0"
  resolved "https://registry.yarnpkg.com/supports-color/-/supports-color-4.4.0.tgz#883f7ddabc165142b2a61427f3352ded195d1a3e"
  dependencies:
    has-flag "^2.0.0"

uniq@^1.0.1:
  version "1.0.1"
  resolved "https://registry.yarnpkg.com/uniq/-/uniq-1.0.1.tgz#b31c5ae8254844a3a8281541ce2b04b865a734ff"
